// !$*UTF8*$!
{
	archiveVersion = 1;
	classes = {
	};
	objectVersion = 55;
	objects = {

/* Begin PBXBuildFile section */
		9BB443E4283D55840043EF4E /* AppDelegate.swift in Sources */ = {isa = PBXBuildFile; fileRef = 9BB443E3283D55840043EF4E /* AppDelegate.swift */; };
		9BB443E6283D55840043EF4E /* SceneDelegate.swift in Sources */ = {isa = PBXBuildFile; fileRef = 9BB443E5283D55840043EF4E /* SceneDelegate.swift */; };
		9BB443E8283D55840043EF4E /* ViewController.swift in Sources */ = {isa = PBXBuildFile; fileRef = 9BB443E7283D55840043EF4E /* ViewController.swift */; };
		9BB443EB283D55840043EF4E /* Main.storyboard in Resources */ = {isa = PBXBuildFile; fileRef = 9BB443E9283D55840043EF4E /* Main.storyboard */; };
		9BB443ED283D55850043EF4E /* Assets.xcassets in Resources */ = {isa = PBXBuildFile; fileRef = 9BB443EC283D55850043EF4E /* Assets.xcassets */; };
		9BB443F0283D55850043EF4E /* LaunchScreen.storyboard in Resources */ = {isa = PBXBuildFile; fileRef = 9BB443EE283D55850043EF4E /* LaunchScreen.storyboard */; };
		9BB443FB283D55850043EF4E /* InfoSpaceTests.swift in Sources */ = {isa = PBXBuildFile; fileRef = 9BB443FA283D55850043EF4E /* InfoSpaceTests.swift */; };
		9BB44405283D55850043EF4E /* InfoSpaceUITests.swift in Sources */ = {isa = PBXBuildFile; fileRef = 9BB44404283D55850043EF4E /* InfoSpaceUITests.swift */; };
		9BB44407283D55850043EF4E /* InfoSpaceUITestsLaunchTests.swift in Sources */ = {isa = PBXBuildFile; fileRef = 9BB44406283D55850043EF4E /* InfoSpaceUITestsLaunchTests.swift */; };
/* End PBXBuildFile section */

/* Begin PBXContainerItemProxy section */
		9BB443F7283D55850043EF4E /* PBXContainerItemProxy */ = {
			isa = PBXContainerItemProxy;
			containerPortal = 9BB443D8283D55840043EF4E /* Project object */;
			proxyType = 1;
			remoteGlobalIDString = 9BB443DF283D55840043EF4E;
			remoteInfo = InfoSpace;
		};
		9BB44401283D55850043EF4E /* PBXContainerItemProxy */ = {
			isa = PBXContainerItemProxy;
			containerPortal = 9BB443D8283D55840043EF4E /* Project object */;
			proxyType = 1;
			remoteGlobalIDString = 9BB443DF283D55840043EF4E;
			remoteInfo = InfoSpace;
		};
/* End PBXContainerItemProxy section */

/* Begin PBXFileReference section */
		9BB443E0283D55840043EF4E /* InfoSpace.app */ = {isa = PBXFileReference; explicitFileType = wrapper.application; includeInIndex = 0; path = InfoSpace.app; sourceTree = BUILT_PRODUCTS_DIR; };
		9BB443E3283D55840043EF4E /* AppDelegate.swift */ = {isa = PBXFileReference; lastKnownFileType = sourcecode.swift; path = AppDelegate.swift; sourceTree = "<group>"; };
		9BB443E5283D55840043EF4E /* SceneDelegate.swift */ = {isa = PBXFileReference; lastKnownFileType = sourcecode.swift; path = SceneDelegate.swift; sourceTree = "<group>"; };
		9BB443E7283D55840043EF4E /* ViewController.swift */ = {isa = PBXFileReference; lastKnownFileType = sourcecode.swift; path = ViewController.swift; sourceTree = "<group>"; };
		9BB443EA283D55840043EF4E /* Base */ = {isa = PBXFileReference; lastKnownFileType = file.storyboard; name = Base; path = Base.lproj/Main.storyboard; sourceTree = "<group>"; };
		9BB443EC283D55850043EF4E /* Assets.xcassets */ = {isa = PBXFileReference; lastKnownFileType = folder.assetcatalog; path = Assets.xcassets; sourceTree = "<group>"; };
		9BB443EF283D55850043EF4E /* Base */ = {isa = PBXFileReference; lastKnownFileType = file.storyboard; name = Base; path = Base.lproj/LaunchScreen.storyboard; sourceTree = "<group>"; };
		9BB443F1283D55850043EF4E /* Info.plist */ = {isa = PBXFileReference; lastKnownFileType = text.plist.xml; path = Info.plist; sourceTree = "<group>"; };
		9BB443F6283D55850043EF4E /* InfoSpaceTests.xctest */ = {isa = PBXFileReference; explicitFileType = wrapper.cfbundle; includeInIndex = 0; path = InfoSpaceTests.xctest; sourceTree = BUILT_PRODUCTS_DIR; };
		9BB443FA283D55850043EF4E /* InfoSpaceTests.swift */ = {isa = PBXFileReference; lastKnownFileType = sourcecode.swift; path = InfoSpaceTests.swift; sourceTree = "<group>"; };
		9BB44400283D55850043EF4E /* InfoSpaceUITests.xctest */ = {isa = PBXFileReference; explicitFileType = wrapper.cfbundle; includeInIndex = 0; path = InfoSpaceUITests.xctest; sourceTree = BUILT_PRODUCTS_DIR; };
		9BB44404283D55850043EF4E /* InfoSpaceUITests.swift */ = {isa = PBXFileReference; lastKnownFileType = sourcecode.swift; path = InfoSpaceUITests.swift; sourceTree = "<group>"; };
		9BB44406283D55850043EF4E /* InfoSpaceUITestsLaunchTests.swift */ = {isa = PBXFileReference; lastKnownFileType = sourcecode.swift; path = InfoSpaceUITestsLaunchTests.swift; sourceTree = "<group>"; };
/* End PBXFileReference section */

/* Begin PBXFrameworksBuildPhase section */
		9BB443DD283D55840043EF4E /* Frameworks */ = {
			isa = PBXFrameworksBuildPhase;
			buildActionMask = 2147483647;
			files = (
			);
			runOnlyForDeploymentPostprocessing = 0;
		};
		9BB443F3283D55850043EF4E /* Frameworks */ = {
			isa = PBXFrameworksBuildPhase;
			buildActionMask = 2147483647;
			files = (
			);
			runOnlyForDeploymentPostprocessing = 0;
		};
		9BB443FD283D55850043EF4E /* Frameworks */ = {
			isa = PBXFrameworksBuildPhase;
			buildActionMask = 2147483647;
			files = (
			);
			runOnlyForDeploymentPostprocessing = 0;
		};
/* End PBXFrameworksBuildPhase section */

/* Begin PBXGroup section */
		9BB443D7283D55840043EF4E = {
			isa = PBXGroup;
			children = (
				9BB443E2283D55840043EF4E /* InfoSpace */,
				9BB443F9283D55850043EF4E /* InfoSpaceTests */,
				9BB44403283D55850043EF4E /* InfoSpaceUITests */,
				9BB443E1283D55840043EF4E /* Products */,
			);
			sourceTree = "<group>";
		};
		9BB443E1283D55840043EF4E /* Products */ = {
			isa = PBXGroup;
			children = (
				9BB443E0283D55840043EF4E /* InfoSpace.app */,
				9BB443F6283D55850043EF4E /* InfoSpaceTests.xctest */,
				9BB44400283D55850043EF4E /* InfoSpaceUITests.xctest */,
			);
			name = Products;
			sourceTree = "<group>";
		};
		9BB443E2283D55840043EF4E /* InfoSpace */ = {
			isa = PBXGroup;
			children = (
				9BB443E3283D55840043EF4E /* AppDelegate.swift */,
				9BB443E5283D55840043EF4E /* SceneDelegate.swift */,
				9BB443E7283D55840043EF4E /* ViewController.swift */,
				9BB443E9283D55840043EF4E /* Main.storyboard */,
				9BB443EC283D55850043EF4E /* Assets.xcassets */,
				9BB443EE283D55850043EF4E /* LaunchScreen.storyboard */,
				9BB443F1283D55850043EF4E /* Info.plist */,
			);
			path = InfoSpace;
			sourceTree = "<group>";
		};
		9BB443F9283D55850043EF4E /* InfoSpaceTests */ = {
			isa = PBXGroup;
			children = (
				9BB443FA283D55850043EF4E /* InfoSpaceTests.swift */,
			);
			path = InfoSpaceTests;
			sourceTree = "<group>";
		};
		9BB44403283D55850043EF4E /* InfoSpaceUITests */ = {
			isa = PBXGroup;
			children = (
				9BB44404283D55850043EF4E /* InfoSpaceUITests.swift */,
				9BB44406283D55850043EF4E /* InfoSpaceUITestsLaunchTests.swift */,
			);
			path = InfoSpaceUITests;
			sourceTree = "<group>";
		};
/* End PBXGroup section */

/* Begin PBXNativeTarget section */
		9BB443DF283D55840043EF4E /* InfoSpace */ = {
			isa = PBXNativeTarget;
			buildConfigurationList = 9BB4440A283D55850043EF4E /* Build configuration list for PBXNativeTarget "InfoSpace" */;
			buildPhases = (
				9BB443DC283D55840043EF4E /* Sources */,
				9BB443DD283D55840043EF4E /* Frameworks */,
				9BB443DE283D55840043EF4E /* Resources */,
			);
			buildRules = (
			);
			dependencies = (
			);
			name = InfoSpace;
			productName = InfoSpace;
			productReference = 9BB443E0283D55840043EF4E /* InfoSpace.app */;
			productType = "com.apple.product-type.application";
		};
		9BB443F5283D55850043EF4E /* InfoSpaceTests */ = {
			isa = PBXNativeTarget;
			buildConfigurationList = 9BB4440D283D55850043EF4E /* Build configuration list for PBXNativeTarget "InfoSpaceTests" */;
			buildPhases = (
				9BB443F2283D55850043EF4E /* Sources */,
				9BB443F3283D55850043EF4E /* Frameworks */,
				9BB443F4283D55850043EF4E /* Resources */,
			);
			buildRules = (
			);
			dependencies = (
				9BB443F8283D55850043EF4E /* PBXTargetDependency */,
			);
			name = InfoSpaceTests;
			productName = InfoSpaceTests;
			productReference = 9BB443F6283D55850043EF4E /* InfoSpaceTests.xctest */;
			productType = "com.apple.product-type.bundle.unit-test";
		};
		9BB443FF283D55850043EF4E /* InfoSpaceUITests */ = {
			isa = PBXNativeTarget;
			buildConfigurationList = 9BB44410283D55850043EF4E /* Build configuration list for PBXNativeTarget "InfoSpaceUITests" */;
			buildPhases = (
				9BB443FC283D55850043EF4E /* Sources */,
				9BB443FD283D55850043EF4E /* Frameworks */,
				9BB443FE283D55850043EF4E /* Resources */,
			);
			buildRules = (
			);
			dependencies = (
				9BB44402283D55850043EF4E /* PBXTargetDependency */,
			);
			name = InfoSpaceUITests;
			productName = InfoSpaceUITests;
			productReference = 9BB44400283D55850043EF4E /* InfoSpaceUITests.xctest */;
			productType = "com.apple.product-type.bundle.ui-testing";
		};
/* End PBXNativeTarget section */

/* Begin PBXProject section */
		9BB443D8283D55840043EF4E /* Project object */ = {
			isa = PBXProject;
			attributes = {
				BuildIndependentTargetsInParallel = 1;
				LastSwiftUpdateCheck = 1340;
				LastUpgradeCheck = 1340;
				TargetAttributes = {
					9BB443DF283D55840043EF4E = {
						CreatedOnToolsVersion = 13.4;
					};
					9BB443F5283D55850043EF4E = {
						CreatedOnToolsVersion = 13.4;
						TestTargetID = 9BB443DF283D55840043EF4E;
					};
					9BB443FF283D55850043EF4E = {
						CreatedOnToolsVersion = 13.4;
						TestTargetID = 9BB443DF283D55840043EF4E;
					};
				};
			};
			buildConfigurationList = 9BB443DB283D55840043EF4E /* Build configuration list for PBXProject "InfoSpace" */;
			compatibilityVersion = "Xcode 13.0";
			developmentRegion = en;
			hasScannedForEncodings = 0;
			knownRegions = (
				en,
				Base,
			);
			mainGroup = 9BB443D7283D55840043EF4E;
			productRefGroup = 9BB443E1283D55840043EF4E /* Products */;
			projectDirPath = "";
			projectRoot = "";
			targets = (
				9BB443DF283D55840043EF4E /* InfoSpace */,
				9BB443F5283D55850043EF4E /* InfoSpaceTests */,
				9BB443FF283D55850043EF4E /* InfoSpaceUITests */,
			);
		};
/* End PBXProject section */

/* Begin PBXResourcesBuildPhase section */
		9BB443DE283D55840043EF4E /* Resources */ = {
			isa = PBXResourcesBuildPhase;
			buildActionMask = 2147483647;
			files = (
				9BB443F0283D55850043EF4E /* LaunchScreen.storyboard in Resources */,
				9BB443ED283D55850043EF4E /* Assets.xcassets in Resources */,
				9BB443EB283D55840043EF4E /* Main.storyboard in Resources */,
			);
			runOnlyForDeploymentPostprocessing = 0;
		};
		9BB443F4283D55850043EF4E /* Resources */ = {
			isa = PBXResourcesBuildPhase;
			buildActionMask = 2147483647;
			files = (
			);
			runOnlyForDeploymentPostprocessing = 0;
		};
		9BB443FE283D55850043EF4E /* Resources */ = {
			isa = PBXResourcesBuildPhase;
			buildActionMask = 2147483647;
			files = (
			);
			runOnlyForDeploymentPostprocessing = 0;
		};
/* End PBXResourcesBuildPhase section */

/* Begin PBXSourcesBuildPhase section */
		9BB443DC283D55840043EF4E /* Sources */ = {
			isa = PBXSourcesBuildPhase;
			buildActionMask = 2147483647;
			files = (
				9BB443E8283D55840043EF4E /* ViewController.swift in Sources */,
				9BB443E4283D55840043EF4E /* AppDelegate.swift in Sources */,
				9BB443E6283D55840043EF4E /* SceneDelegate.swift in Sources */,
			);
			runOnlyForDeploymentPostprocessing = 0;
		};
		9BB443F2283D55850043EF4E /* Sources */ = {
			isa = PBXSourcesBuildPhase;
			buildActionMask = 2147483647;
			files = (
				9BB443FB283D55850043EF4E /* InfoSpaceTests.swift in Sources */,
			);
			runOnlyForDeploymentPostprocessing = 0;
		};
		9BB443FC283D55850043EF4E /* Sources */ = {
			isa = PBXSourcesBuildPhase;
			buildActionMask = 2147483647;
			files = (
				9BB44405283D55850043EF4E /* InfoSpaceUITests.swift in Sources */,
				9BB44407283D55850043EF4E /* InfoSpaceUITestsLaunchTests.swift in Sources */,
			);
			runOnlyForDeploymentPostprocessing = 0;
		};
/* End PBXSourcesBuildPhase section */

/* Begin PBXTargetDependency section */
		9BB443F8283D55850043EF4E /* PBXTargetDependency */ = {
			isa = PBXTargetDependency;
			target = 9BB443DF283D55840043EF4E /* InfoSpace */;
			targetProxy = 9BB443F7283D55850043EF4E /* PBXContainerItemProxy */;
		};
		9BB44402283D55850043EF4E /* PBXTargetDependency */ = {
			isa = PBXTargetDependency;
			target = 9BB443DF283D55840043EF4E /* InfoSpace */;
			targetProxy = 9BB44401283D55850043EF4E /* PBXContainerItemProxy */;
		};
/* End PBXTargetDependency section */

/* Begin PBXVariantGroup section */
		9BB443E9283D55840043EF4E /* Main.storyboard */ = {
			isa = PBXVariantGroup;
			children = (
				9BB443EA283D55840043EF4E /* Base */,
			);
			name = Main.storyboard;
			sourceTree = "<group>";
		};
		9BB443EE283D55850043EF4E /* LaunchScreen.storyboard */ = {
			isa = PBXVariantGroup;
			children = (
				9BB443EF283D55850043EF4E /* Base */,
			);
			name = LaunchScreen.storyboard;
			sourceTree = "<group>";
		};
/* End PBXVariantGroup section */

/* Begin XCBuildConfiguration section */
		9BB44408283D55850043EF4E /* Debug */ = {
			isa = XCBuildConfiguration;
			buildSettings = {
				ALWAYS_SEARCH_USER_PATHS = NO;
				CLANG_ANALYZER_NONNULL = YES;
				CLANG_ANALYZER_NUMBER_OBJECT_CONVERSION = YES_AGGRESSIVE;
				CLANG_CXX_LANGUAGE_STANDARD = "gnu++17";
				CLANG_ENABLE_MODULES = YES;
				CLANG_ENABLE_OBJC_ARC = YES;
				CLANG_ENABLE_OBJC_WEAK = YES;
				CLANG_WARN_BLOCK_CAPTURE_AUTORELEASING = YES;
				CLANG_WARN_BOOL_CONVERSION = YES;
				CLANG_WARN_COMMA = YES;
				CLANG_WARN_CONSTANT_CONVERSION = YES;
				CLANG_WARN_DEPRECATED_OBJC_IMPLEMENTATIONS = YES;
				CLANG_WARN_DIRECT_OBJC_ISA_USAGE = YES_ERROR;
				CLANG_WARN_DOCUMENTATION_COMMENTS = YES;
				CLANG_WARN_EMPTY_BODY = YES;
				CLANG_WARN_ENUM_CONVERSION = YES;
				CLANG_WARN_INFINITE_RECURSION = YES;
				CLANG_WARN_INT_CONVERSION = YES;
				CLANG_WARN_NON_LITERAL_NULL_CONVERSION = YES;
				CLANG_WARN_OBJC_IMPLICIT_RETAIN_SELF = YES;
				CLANG_WARN_OBJC_LITERAL_CONVERSION = YES;
				CLANG_WARN_OBJC_ROOT_CLASS = YES_ERROR;
				CLANG_WARN_QUOTED_INCLUDE_IN_FRAMEWORK_HEADER = YES;
				CLANG_WARN_RANGE_LOOP_ANALYSIS = YES;
				CLANG_WARN_STRICT_PROTOTYPES = YES;
				CLANG_WARN_SUSPICIOUS_MOVE = YES;
				CLANG_WARN_UNGUARDED_AVAILABILITY = YES_AGGRESSIVE;
				CLANG_WARN_UNREACHABLE_CODE = YES;
				CLANG_WARN__DUPLICATE_METHOD_MATCH = YES;
				COPY_PHASE_STRIP = NO;
				DEBUG_INFORMATION_FORMAT = dwarf;
				ENABLE_STRICT_OBJC_MSGSEND = YES;
				ENABLE_TESTABILITY = YES;
				GCC_C_LANGUAGE_STANDARD = gnu11;
				GCC_DYNAMIC_NO_PIC = NO;
				GCC_NO_COMMON_BLOCKS = YES;
				GCC_OPTIMIZATION_LEVEL = 0;
				GCC_PREPROCESSOR_DEFINITIONS = (
					"DEBUG=1",
					"$(inherited)",
				);
				GCC_WARN_64_TO_32_BIT_CONVERSION = YES;
				GCC_WARN_ABOUT_RETURN_TYPE = YES_ERROR;
				GCC_WARN_UNDECLARED_SELECTOR = YES;
				GCC_WARN_UNINITIALIZED_AUTOS = YES_AGGRESSIVE;
				GCC_WARN_UNUSED_FUNCTION = YES;
				GCC_WARN_UNUSED_VARIABLE = YES;
				IPHONEOS_DEPLOYMENT_TARGET = 15.5;
				MTL_ENABLE_DEBUG_INFO = INCLUDE_SOURCE;
				MTL_FAST_MATH = YES;
				ONLY_ACTIVE_ARCH = YES;
				SDKROOT = iphoneos;
				SWIFT_ACTIVE_COMPILATION_CONDITIONS = DEBUG;
				SWIFT_OPTIMIZATION_LEVEL = "-Onone";
			};
			name = Debug;
		};
		9BB44409283D55850043EF4E /* Release */ = {
			isa = XCBuildConfiguration;
			buildSettings = {
				ALWAYS_SEARCH_USER_PATHS = NO;
				CLANG_ANALYZER_NONNULL = YES;
				CLANG_ANALYZER_NUMBER_OBJECT_CONVERSION = YES_AGGRESSIVE;
				CLANG_CXX_LANGUAGE_STANDARD = "gnu++17";
				CLANG_ENABLE_MODULES = YES;
				CLANG_ENABLE_OBJC_ARC = YES;
				CLANG_ENABLE_OBJC_WEAK = YES;
				CLANG_WARN_BLOCK_CAPTURE_AUTORELEASING = YES;
				CLANG_WARN_BOOL_CONVERSION = YES;
				CLANG_WARN_COMMA = YES;
				CLANG_WARN_CONSTANT_CONVERSION = YES;
				CLANG_WARN_DEPRECATED_OBJC_IMPLEMENTATIONS = YES;
				CLANG_WARN_DIRECT_OBJC_ISA_USAGE = YES_ERROR;
				CLANG_WARN_DOCUMENTATION_COMMENTS = YES;
				CLANG_WARN_EMPTY_BODY = YES;
				CLANG_WARN_ENUM_CONVERSION = YES;
				CLANG_WARN_INFINITE_RECURSION = YES;
				CLANG_WARN_INT_CONVERSION = YES;
				CLANG_WARN_NON_LITERAL_NULL_CONVERSION = YES;
				CLANG_WARN_OBJC_IMPLICIT_RETAIN_SELF = YES;
				CLANG_WARN_OBJC_LITERAL_CONVERSION = YES;
				CLANG_WARN_OBJC_ROOT_CLASS = YES_ERROR;
				CLANG_WARN_QUOTED_INCLUDE_IN_FRAMEWORK_HEADER = YES;
				CLANG_WARN_RANGE_LOOP_ANALYSIS = YES;
				CLANG_WARN_STRICT_PROTOTYPES = YES;
				CLANG_WARN_SUSPICIOUS_MOVE = YES;
				CLANG_WARN_UNGUARDED_AVAILABILITY = YES_AGGRESSIVE;
				CLANG_WARN_UNREACHABLE_CODE = YES;
				CLANG_WARN__DUPLICATE_METHOD_MATCH = YES;
				COPY_PHASE_STRIP = NO;
				DEBUG_INFORMATION_FORMAT = "dwarf-with-dsym";
				ENABLE_NS_ASSERTIONS = NO;
				ENABLE_STRICT_OBJC_MSGSEND = YES;
				GCC_C_LANGUAGE_STANDARD = gnu11;
				GCC_NO_COMMON_BLOCKS = YES;
				GCC_WARN_64_TO_32_BIT_CONVERSION = YES;
				GCC_WARN_ABOUT_RETURN_TYPE = YES_ERROR;
				GCC_WARN_UNDECLARED_SELECTOR = YES;
				GCC_WARN_UNINITIALIZED_AUTOS = YES_AGGRESSIVE;
				GCC_WARN_UNUSED_FUNCTION = YES;
				GCC_WARN_UNUSED_VARIABLE = YES;
				IPHONEOS_DEPLOYMENT_TARGET = 15.5;
				MTL_ENABLE_DEBUG_INFO = NO;
				MTL_FAST_MATH = YES;
				SDKROOT = iphoneos;
				SWIFT_COMPILATION_MODE = wholemodule;
				SWIFT_OPTIMIZATION_LEVEL = "-O";
				VALIDATE_PRODUCT = YES;
			};
			name = Release;
		};
		9BB4440B283D55850043EF4E /* Debug */ = {
			isa = XCBuildConfiguration;
			buildSettings = {
				ASSETCATALOG_COMPILER_APPICON_NAME = AppIcon;
				ASSETCATALOG_COMPILER_GLOBAL_ACCENT_COLOR_NAME = AccentColor;
				CODE_SIGN_STYLE = Automatic;
				CURRENT_PROJECT_VERSION = 1;
				DEVELOPMENT_TEAM = B8FFK38LX5;
				GENERATE_INFOPLIST_FILE = YES;
				INFOPLIST_FILE = InfoSpace/Info.plist;
				INFOPLIST_KEY_UIApplicationSupportsIndirectInputEvents = YES;
				INFOPLIST_KEY_UILaunchStoryboardName = LaunchScreen;
				INFOPLIST_KEY_UIMainStoryboardFile = Main;
				INFOPLIST_KEY_UISupportedInterfaceOrientations_iPad = "UIInterfaceOrientationPortrait UIInterfaceOrientationPortraitUpsideDown UIInterfaceOrientationLandscapeLeft UIInterfaceOrientationLandscapeRight";
				INFOPLIST_KEY_UISupportedInterfaceOrientations_iPhone = "UIInterfaceOrientationPortrait UIInterfaceOrientationLandscapeLeft UIInterfaceOrientationLandscapeRight";
				LD_RUNPATH_SEARCH_PATHS = (
					"$(inherited)",
					"@executable_path/Frameworks",
				);
				MARKETING_VERSION = 1.0;
				PRODUCT_BUNDLE_IDENTIFIER = PausekStudios.InfoSpace;
				PRODUCT_NAME = "$(TARGET_NAME)";
				SWIFT_EMIT_LOC_STRINGS = YES;
				SWIFT_VERSION = 5.0;
				TARGETED_DEVICE_FAMILY = "1,2";
			};
			name = Debug;
		};
		9BB4440C283D55850043EF4E /* Release */ = {
			isa = XCBuildConfiguration;
			buildSettings = {
				ASSETCATALOG_COMPILER_APPICON_NAME = AppIcon;
				ASSETCATALOG_COMPILER_GLOBAL_ACCENT_COLOR_NAME = AccentColor;
				CODE_SIGN_STYLE = Automatic;
				CURRENT_PROJECT_VERSION = 1;
				DEVELOPMENT_TEAM = B8FFK38LX5;
				GENERATE_INFOPLIST_FILE = YES;
				INFOPLIST_FILE = InfoSpace/Info.plist;
				INFOPLIST_KEY_UIApplicationSupportsIndirectInputEvents = YES;
				INFOPLIST_KEY_UILaunchStoryboardName = LaunchScreen;
				INFOPLIST_KEY_UIMainStoryboardFile = Main;
				INFOPLIST_KEY_UISupportedInterfaceOrientations_iPad = "UIInterfaceOrientationPortrait UIInterfaceOrientationPortraitUpsideDown UIInterfaceOrientationLandscapeLeft UIInterfaceOrientationLandscapeRight";
				INFOPLIST_KEY_UISupportedInterfaceOrientations_iPhone = "UIInterfaceOrientationPortrait UIInterfaceOrientationLandscapeLeft UIInterfaceOrientationLandscapeRight";
				LD_RUNPATH_SEARCH_PATHS = (
					"$(inherited)",
					"@executable_path/Frameworks",
				);
				MARKETING_VERSION = 1.0;
				PRODUCT_BUNDLE_IDENTIFIER = PausekStudios.InfoSpace;
				PRODUCT_NAME = "$(TARGET_NAME)";
				SWIFT_EMIT_LOC_STRINGS = YES;
				SWIFT_VERSION = 5.0;
				TARGETED_DEVICE_FAMILY = "1,2";
			};
			name = Release;
		};
		9BB4440E283D55850043EF4E /* Debug */ = {
			isa = XCBuildConfiguration;
			buildSettings = {
				ALWAYS_EMBED_SWIFT_STANDARD_LIBRARIES = YES;
				BUNDLE_LOADER = "$(TEST_HOST)";
				CODE_SIGN_STYLE = Automatic;
				CURRENT_PROJECT_VERSION = 1;
				DEVELOPMENT_TEAM = B8FFK38LX5;
				GENERATE_INFOPLIST_FILE = YES;
				IPHONEOS_DEPLOYMENT_TARGET = 15.5;
				MARKETING_VERSION = 1.0;
				PRODUCT_BUNDLE_IDENTIFIER = PausekStudios.InfoSpaceTests;
				PRODUCT_NAME = "$(TARGET_NAME)";
				SWIFT_EMIT_LOC_STRINGS = NO;
				SWIFT_VERSION = 5.0;
				TARGETED_DEVICE_FAMILY = "1,2";
				TEST_HOST = "$(BUILT_PRODUCTS_DIR)/InfoSpace.app/InfoSpace";
			};
			name = Debug;
		};
		9BB4440F283D55850043EF4E /* Release */ = {
			isa = XCBuildConfiguration;
			buildSettings = {
				ALWAYS_EMBED_SWIFT_STANDARD_LIBRARIES = YES;
				BUNDLE_LOADER = "$(TEST_HOST)";
				CODE_SIGN_STYLE = Automatic;
				CURRENT_PROJECT_VERSION = 1;
				DEVELOPMENT_TEAM = B8FFK38LX5;
				GENERATE_INFOPLIST_FILE = YES;
				IPHONEOS_DEPLOYMENT_TARGET = 15.5;
				MARKETING_VERSION = 1.0;
				PRODUCT_BUNDLE_IDENTIFIER = PausekStudios.InfoSpaceTests;
				PRODUCT_NAME = "$(TARGET_NAME)";
				SWIFT_EMIT_LOC_STRINGS = NO;
				SWIFT_VERSION = 5.0;
				TARGETED_DEVICE_FAMILY = "1,2";
				TEST_HOST = "$(BUILT_PRODUCTS_DIR)/InfoSpace.app/InfoSpace";
			};
			name = Release;
		};
		9BB44411283D55850043EF4E /* Debug */ = {
			isa = XCBuildConfiguration;
			buildSettings = {
				ALWAYS_EMBED_SWIFT_STANDARD_LIBRARIES = YES;
				CODE_SIGN_STYLE = Automatic;
				CURRENT_PROJECT_VERSION = 1;
				DEVELOPMENT_TEAM = B8FFK38LX5;
				GENERATE_INFOPLIST_FILE = YES;
				MARKETING_VERSION = 1.0;
				PRODUCT_BUNDLE_IDENTIFIER = PausekStudios.InfoSpaceUITests;
				PRODUCT_NAME = "$(TARGET_NAME)";
				SWIFT_EMIT_LOC_STRINGS = NO;
				SWIFT_VERSION = 5.0;
				TARGETED_DEVICE_FAMILY = "1,2";
				TEST_TARGET_NAME = InfoSpace;
			};
			name = Debug;
		};
		9BB44412283D55850043EF4E /* Release */ = {
			isa = XCBuildConfiguration;
			buildSettings = {
				ALWAYS_EMBED_SWIFT_STANDARD_LIBRARIES = YES;
				CODE_SIGN_STYLE = Automatic;
				CURRENT_PROJECT_VERSION = 1;
				DEVELOPMENT_TEAM = B8FFK38LX5;
				GENERATE_INFOPLIST_FILE = YES;
				MARKETING_VERSION = 1.0;
				PRODUCT_BUNDLE_IDENTIFIER = PausekStudios.InfoSpaceUITests;
				PRODUCT_NAME = "$(TARGET_NAME)";
				SWIFT_EMIT_LOC_STRINGS = NO;
				SWIFT_VERSION = 5.0;
				TARGETED_DEVICE_FAMILY = "1,2";
				TEST_TARGET_NAME = InfoSpace;
			};
			name = Release;
		};
/* End XCBuildConfiguration section */

/* Begin XCConfigurationList section */
		9BB443DB283D55840043EF4E /* Build configuration list for PBXProject "InfoSpace" */ = {
			isa = XCConfigurationList;
			buildConfigurations = (
				9BB44408283D55850043EF4E /* Debug */,
				9BB44409283D55850043EF4E /* Release */,
			);
			defaultConfigurationIsVisible = 0;
			defaultConfigurationName = Release;
		};
		9BB4440A283D55850043EF4E /* Build configuration list for PBXNativeTarget "InfoSpace" */ = {
			isa = XCConfigurationList;
			buildConfigurations = (
				9BB4440B283D55850043EF4E /* Debug */,
				9BB4440C283D55850043EF4E /* Release */,
			);
			defaultConfigurationIsVisible = 0;
			defaultConfigurationName = Release;
		};
		9BB4440D283D55850043EF4E /* Build configuration list for PBXNativeTarget "InfoSpaceTests" */ = {
			isa = XCConfigurationList;
			buildConfigurations = (
				9BB4440E283D55850043EF4E /* Debug */,
				9BB4440F283D55850043EF4E /* Release */,
			);
			defaultConfigurationIsVisible = 0;
			defaultConfigurationName = Release;
		};
		9BB44410283D55850043EF4E /* Build configuration list for PBXNativeTarget "InfoSpaceUITests" */ = {
			isa = XCConfigurationList;
			buildConfigurations = (
				9BB44411283D55850043EF4E /* Debug */,
				9BB44412283D55850043EF4E /* Release */,
			);
			defaultConfigurationIsVisible = 0;
			defaultConfigurationName = Release;
		};
/* End XCConfigurationList section */
	};
	rootObject = 9BB443D8283D55840043EF4E /* Project object */;
}
