// !$*UTF8*$!
{
	archiveVersion = 1;
	classes = {
	};
	objectVersion = 55;
	objects = {

/* Begin PBXBuildFile section */
		9B027440284A817C00C2303A /* Colors.swift in Sources */ = {isa = PBXBuildFile; fileRef = 9B02743F284A817C00C2303A /* Colors.swift */; };
		9B053FA928429A8800A8AA40 /* CustomNavigationController.swift in Sources */ = {isa = PBXBuildFile; fileRef = 9B053FA828429A8800A8AA40 /* CustomNavigationController.swift */; };
		9B19495C286902CE00B8322B /* Utils.swift in Sources */ = {isa = PBXBuildFile; fileRef = 9B19495B286902CE00B8322B /* Utils.swift */; };
		9B1F8C7528466CC400BCCEBE /* Planet.swift in Sources */ = {isa = PBXBuildFile; fileRef = 9B1F8C7428466CC400BCCEBE /* Planet.swift */; };
		9B1F8C7828466D9500BCCEBE /* FirebaseDataDataManager.swift in Sources */ = {isa = PBXBuildFile; fileRef = 9B1F8C7728466D9500BCCEBE /* FirebaseDataDataManager.swift */; };
		9B1F8C7B28466DF700BCCEBE /* PlanetsDataManager.swift in Sources */ = {isa = PBXBuildFile; fileRef = 9B1F8C7A28466DF700BCCEBE /* PlanetsDataManager.swift */; };
		9B1F8C7D284679BD00BCCEBE /* DashboardItem.swift in Sources */ = {isa = PBXBuildFile; fileRef = 9B1F8C7C284679BD00BCCEBE /* DashboardItem.swift */; };
		9B21F6902846D57F00D64B79 /* StarViews.swift in Sources */ = {isa = PBXBuildFile; fileRef = 9B21F68F2846D57F00D64B79 /* StarViews.swift */; };
		9B2236F62845639B005F47B7 /* Colors.xcassets in Resources */ = {isa = PBXBuildFile; fileRef = 9B2236F52845639B005F47B7 /* Colors.xcassets */; };
		9B2236FC28456E65005F47B7 /* View.swift in Sources */ = {isa = PBXBuildFile; fileRef = 9B2236FB28456E65005F47B7 /* View.swift */; };
		9B2236FE28456ECA005F47B7 /* UIColor+Utils.swift in Sources */ = {isa = PBXBuildFile; fileRef = 9B2236FD28456ECA005F47B7 /* UIColor+Utils.swift */; };
		9B22370028456F26005F47B7 /* UIImageView+Utils.swift in Sources */ = {isa = PBXBuildFile; fileRef = 9B2236FF28456F26005F47B7 /* UIImageView+Utils.swift */; };
		9B22370328457A01005F47B7 /* UICollectionViewCell+Utils.swift in Sources */ = {isa = PBXBuildFile; fileRef = 9B22370228457A01005F47B7 /* UICollectionViewCell+Utils.swift */; };
		9B22370628457A33005F47B7 /* PlanetCell.swift in Sources */ = {isa = PBXBuildFile; fileRef = 9B22370428457A33005F47B7 /* PlanetCell.swift */; };
		9B22370728457A33005F47B7 /* PlanetCell.xib in Resources */ = {isa = PBXBuildFile; fileRef = 9B22370528457A33005F47B7 /* PlanetCell.xib */; };
		9B22370E28457E97005F47B7 /* NotoSansJP-Light.otf in Resources */ = {isa = PBXBuildFile; fileRef = 9B22370828457E97005F47B7 /* NotoSansJP-Light.otf */; };
		9B22370F28457E97005F47B7 /* NotoSansJP-Medium.otf in Resources */ = {isa = PBXBuildFile; fileRef = 9B22370928457E97005F47B7 /* NotoSansJP-Medium.otf */; };
		9B22371028457E97005F47B7 /* NotoSansJP-Regular.otf in Resources */ = {isa = PBXBuildFile; fileRef = 9B22370A28457E97005F47B7 /* NotoSansJP-Regular.otf */; };
		9B22371128457E97005F47B7 /* NotoSansJP-Thin.otf in Resources */ = {isa = PBXBuildFile; fileRef = 9B22370B28457E97005F47B7 /* NotoSansJP-Thin.otf */; };
		9B22371228457E97005F47B7 /* NotoSansJP-Black.otf in Resources */ = {isa = PBXBuildFile; fileRef = 9B22370C28457E97005F47B7 /* NotoSansJP-Black.otf */; };
		9B22371328457E97005F47B7 /* NotoSansJP-Bold.otf in Resources */ = {isa = PBXBuildFile; fileRef = 9B22370D28457E97005F47B7 /* NotoSansJP-Bold.otf */; };
		9B223716284588D9005F47B7 /* DashboardItemCell.swift in Sources */ = {isa = PBXBuildFile; fileRef = 9B223714284588D9005F47B7 /* DashboardItemCell.swift */; };
		9B223717284588D9005F47B7 /* DashboardItemCell.xib in Resources */ = {isa = PBXBuildFile; fileRef = 9B223715284588D9005F47B7 /* DashboardItemCell.xib */; };
		9B22A76428453E65002762AF /* DashboardViewController.swift in Sources */ = {isa = PBXBuildFile; fileRef = 9B22A76228453E65002762AF /* DashboardViewController.swift */; };
		9B22A76528453E65002762AF /* DashboardViewController.xib in Resources */ = {isa = PBXBuildFile; fileRef = 9B22A76328453E65002762AF /* DashboardViewController.xib */; };
		9B22A76728453E8E002762AF /* DashboardViewModel.swift in Sources */ = {isa = PBXBuildFile; fileRef = 9B22A76628453E8E002762AF /* DashboardViewModel.swift */; };
		9B25530828F1B9A500A8110E /* NasaLibraryDataManager.swift in Sources */ = {isa = PBXBuildFile; fileRef = 9B25530728F1B9A500A8110E /* NasaLibraryDataManager.swift */; };
		9B270E312840013000F4FFED /* Constants.swift in Sources */ = {isa = PBXBuildFile; fileRef = 9B270E302840013000F4FFED /* Constants.swift */; };
		9B270E34284001A000F4FFED /* NetworkManager.swift in Sources */ = {isa = PBXBuildFile; fileRef = 9B270E33284001A000F4FFED /* NetworkManager.swift */; };
		9B270E36284001AB00F4FFED /* Reachability.swift in Sources */ = {isa = PBXBuildFile; fileRef = 9B270E35284001AB00F4FFED /* Reachability.swift */; };
		9B270E38284001B700F4FFED /* WebService.swift in Sources */ = {isa = PBXBuildFile; fileRef = 9B270E37284001B700F4FFED /* WebService.swift */; };
		9B28B3CD28678C40007D448B /* UITableViewCell+Utils.swift in Sources */ = {isa = PBXBuildFile; fileRef = 9B28B3CC28678C40007D448B /* UITableViewCell+Utils.swift */; };
		9B28E319284CE06700F79F7B /* PlanetDetailViewController.swift in Sources */ = {isa = PBXBuildFile; fileRef = 9B28E317284CE06700F79F7B /* PlanetDetailViewController.swift */; };
		9B28E31A284CE06700F79F7B /* PlanetDetailViewController.xib in Resources */ = {isa = PBXBuildFile; fileRef = 9B28E318284CE06700F79F7B /* PlanetDetailViewController.xib */; };
		9B28E31C284CE0A800F79F7B /* PlanetDetailViewModel.swift in Sources */ = {isa = PBXBuildFile; fileRef = 9B28E31B284CE0A800F79F7B /* PlanetDetailViewModel.swift */; };
		9B28E33C284D120B00F79F7B /* spacerangeracadital.ttf in Resources */ = {isa = PBXBuildFile; fileRef = 9B28E321284D120A00F79F7B /* spacerangeracadital.ttf */; };
		9B28E33D284D120B00F79F7B /* spacerangerbold.ttf in Resources */ = {isa = PBXBuildFile; fileRef = 9B28E322284D120A00F79F7B /* spacerangerbold.ttf */; };
		9B28E33E284D120B00F79F7B /* spacerangersemital.ttf in Resources */ = {isa = PBXBuildFile; fileRef = 9B28E323284D120A00F79F7B /* spacerangersemital.ttf */; };
		9B28E340284D120B00F79F7B /* spaceranger.ttf in Resources */ = {isa = PBXBuildFile; fileRef = 9B28E325284D120A00F79F7B /* spaceranger.ttf */; };
		9B28E341284D120B00F79F7B /* spacerangerhalfital.ttf in Resources */ = {isa = PBXBuildFile; fileRef = 9B28E326284D120A00F79F7B /* spacerangerhalfital.ttf */; };
		9B28E342284D120B00F79F7B /* spacerangerout.ttf in Resources */ = {isa = PBXBuildFile; fileRef = 9B28E327284D120A00F79F7B /* spacerangerout.ttf */; };
		9B28E345284D120B00F79F7B /* spacerangerlaser.ttf in Resources */ = {isa = PBXBuildFile; fileRef = 9B28E32A284D120A00F79F7B /* spacerangerlaser.ttf */; };
		9B28E346284D120B00F79F7B /* spacerangerexpandital.ttf in Resources */ = {isa = PBXBuildFile; fileRef = 9B28E32B284D120A00F79F7B /* spacerangerexpandital.ttf */; };
		9B28E347284D120B00F79F7B /* spacerangerexpand.ttf in Resources */ = {isa = PBXBuildFile; fileRef = 9B28E32C284D120B00F79F7B /* spacerangerexpand.ttf */; };
		9B28E349284D120B00F79F7B /* spacerangerital.ttf in Resources */ = {isa = PBXBuildFile; fileRef = 9B28E32E284D120B00F79F7B /* spacerangerital.ttf */; };
		9B28E34B284D120B00F79F7B /* spacerangerboldital.ttf in Resources */ = {isa = PBXBuildFile; fileRef = 9B28E330284D120B00F79F7B /* spacerangerboldital.ttf */; };
		9B28E34C284D120B00F79F7B /* spaceranger3d.ttf in Resources */ = {isa = PBXBuildFile; fileRef = 9B28E331284D120B00F79F7B /* spaceranger3d.ttf */; };
		9B28E34E284D120B00F79F7B /* spaceranger3dital.ttf in Resources */ = {isa = PBXBuildFile; fileRef = 9B28E333284D120B00F79F7B /* spaceranger3dital.ttf */; };
		9B28E34F284D120B00F79F7B /* spacerangerchromeital.ttf in Resources */ = {isa = PBXBuildFile; fileRef = 9B28E334284D120B00F79F7B /* spacerangerchromeital.ttf */; };
		9B28E350284D120B00F79F7B /* spacerangerhalf.ttf in Resources */ = {isa = PBXBuildFile; fileRef = 9B28E335284D120B00F79F7B /* spacerangerhalf.ttf */; };
		9B28E351284D120B00F79F7B /* spacerangercondital.ttf in Resources */ = {isa = PBXBuildFile; fileRef = 9B28E336284D120B00F79F7B /* spacerangercondital.ttf */; };
		9B28E353284D120B00F79F7B /* spacerangercond.ttf in Resources */ = {isa = PBXBuildFile; fileRef = 9B28E338284D120B00F79F7B /* spacerangercond.ttf */; };
		9B28E355284D120B00F79F7B /* spacerangeracad.ttf in Resources */ = {isa = PBXBuildFile; fileRef = 9B28E33A284D120B00F79F7B /* spacerangeracad.ttf */; };
		9B28E356284D120B00F79F7B /* spacerangerchrome.ttf in Resources */ = {isa = PBXBuildFile; fileRef = 9B28E33B284D120B00F79F7B /* spacerangerchrome.ttf */; };
		9B2AC06E2843B1F1005D022E /* SplashScreenViewModel.swift in Sources */ = {isa = PBXBuildFile; fileRef = 9B2AC06D2843B1F1005D022E /* SplashScreenViewModel.swift */; };
		9B2B835728615D0B002BABDC /* APODDateCell.swift in Sources */ = {isa = PBXBuildFile; fileRef = 9B2B835528615D0B002BABDC /* APODDateCell.swift */; };
		9B2B835828615D0B002BABDC /* APODDateCell.xib in Resources */ = {isa = PBXBuildFile; fileRef = 9B2B835628615D0B002BABDC /* APODDateCell.xib */; };
		9B2B835B28615D41002BABDC /* APODImageCell.swift in Sources */ = {isa = PBXBuildFile; fileRef = 9B2B835928615D41002BABDC /* APODImageCell.swift */; };
		9B2B835C28615D41002BABDC /* APODImageCell.xib in Resources */ = {isa = PBXBuildFile; fileRef = 9B2B835A28615D41002BABDC /* APODImageCell.xib */; };
		9B2B835F28615D52002BABDC /* APODUrlCell.swift in Sources */ = {isa = PBXBuildFile; fileRef = 9B2B835D28615D52002BABDC /* APODUrlCell.swift */; };
		9B2B836028615D52002BABDC /* APODUrlCell.xib in Resources */ = {isa = PBXBuildFile; fileRef = 9B2B835E28615D52002BABDC /* APODUrlCell.xib */; };
		9B2B836328615D60002BABDC /* APODDescriptionCell.swift in Sources */ = {isa = PBXBuildFile; fileRef = 9B2B836128615D60002BABDC /* APODDescriptionCell.swift */; };
		9B2B836428615D60002BABDC /* APODDescriptionCell.xib in Resources */ = {isa = PBXBuildFile; fileRef = 9B2B836228615D60002BABDC /* APODDescriptionCell.xib */; };
		9B2B836728615D79002BABDC /* APODTitleCell.swift in Sources */ = {isa = PBXBuildFile; fileRef = 9B2B836528615D79002BABDC /* APODTitleCell.swift */; };
		9B2B836828615D79002BABDC /* APODTitleCell.xib in Resources */ = {isa = PBXBuildFile; fileRef = 9B2B836628615D79002BABDC /* APODTitleCell.xib */; };
		9B34CFAB290F10D500E642A1 /* YearsFilterCell.swift in Sources */ = {isa = PBXBuildFile; fileRef = 9B34CFA9290F10D500E642A1 /* YearsFilterCell.swift */; };
		9B34CFAC290F10D500E642A1 /* YearsFilterCell.xib in Resources */ = {isa = PBXBuildFile; fileRef = 9B34CFAA290F10D500E642A1 /* YearsFilterCell.xib */; };
		9B380985290E0D40007851B2 /* ContentTypeFilterCell.swift in Sources */ = {isa = PBXBuildFile; fileRef = 9B380983290E0D40007851B2 /* ContentTypeFilterCell.swift */; };
		9B380986290E0D40007851B2 /* ContentTypeFilterCell.xib in Resources */ = {isa = PBXBuildFile; fileRef = 9B380984290E0D40007851B2 /* ContentTypeFilterCell.xib */; };
		9B38098E290E0D98007851B2 /* ContentTypeItemCell.swift in Sources */ = {isa = PBXBuildFile; fileRef = 9B38098C290E0D98007851B2 /* ContentTypeItemCell.swift */; };
		9B38098F290E0D98007851B2 /* ContentTypeItemCell.xib in Resources */ = {isa = PBXBuildFile; fileRef = 9B38098D290E0D98007851B2 /* ContentTypeItemCell.xib */; };
		9B38CD19286F5FEC006712EE /* Label.swift in Sources */ = {isa = PBXBuildFile; fileRef = 9B38CD18286F5FEC006712EE /* Label.swift */; };
		9B38CD202872230E006712EE /* AsteroidsNearEarthViewController.swift in Sources */ = {isa = PBXBuildFile; fileRef = 9B38CD1E2872230E006712EE /* AsteroidsNearEarthViewController.swift */; };
		9B38CD212872230E006712EE /* AsteroidsNearEarthViewController.xib in Resources */ = {isa = PBXBuildFile; fileRef = 9B38CD1F2872230E006712EE /* AsteroidsNearEarthViewController.xib */; };
		9B38CD2328722327006712EE /* AsteroidsNearEarthViewModel.swift in Sources */ = {isa = PBXBuildFile; fileRef = 9B38CD2228722327006712EE /* AsteroidsNearEarthViewModel.swift */; };
		9B38CD2628722340006712EE /* MarsRoverViewController.swift in Sources */ = {isa = PBXBuildFile; fileRef = 9B38CD2428722340006712EE /* MarsRoverViewController.swift */; };
		9B38CD2728722340006712EE /* MarsRoverViewController.xib in Resources */ = {isa = PBXBuildFile; fileRef = 9B38CD2528722340006712EE /* MarsRoverViewController.xib */; };
		9B38CD292872234F006712EE /* MarsRoverViewModel.swift in Sources */ = {isa = PBXBuildFile; fileRef = 9B38CD282872234F006712EE /* MarsRoverViewModel.swift */; };
		9B38CD2C28722362006712EE /* SpaceLibraryViewController.swift in Sources */ = {isa = PBXBuildFile; fileRef = 9B38CD2A28722362006712EE /* SpaceLibraryViewController.swift */; };
		9B38CD2D28722362006712EE /* SpaceLibraryViewController.xib in Resources */ = {isa = PBXBuildFile; fileRef = 9B38CD2B28722362006712EE /* SpaceLibraryViewController.xib */; };
		9B38CD2F28722373006712EE /* SpaceLibraryViewModel.swift in Sources */ = {isa = PBXBuildFile; fileRef = 9B38CD2E28722373006712EE /* SpaceLibraryViewModel.swift */; };
		9B3C360A285C093C00E19B8C /* HeaderView.swift in Sources */ = {isa = PBXBuildFile; fileRef = 9B3C3609285C093C00E19B8C /* HeaderView.swift */; };
		9B3C360D285C095100E19B8C /* HeaderView.xib in Resources */ = {isa = PBXBuildFile; fileRef = 9B3C360C285C095100E19B8C /* HeaderView.xib */; };
		9B3D44E82862883C007AB312 /* Button.swift in Sources */ = {isa = PBXBuildFile; fileRef = 9B3D44E72862883C007AB312 /* Button.swift */; };
		9B4DEAC62906E74E008A5141 /* FilterView.swift in Sources */ = {isa = PBXBuildFile; fileRef = 9B4DEAC52906E74E008A5141 /* FilterView.swift */; };
		9B4DEACA2906E75F008A5141 /* FilterView.xib in Resources */ = {isa = PBXBuildFile; fileRef = 9B4DEAC92906E75F008A5141 /* FilterView.xib */; };
		9B4F83332909FA87006E8954 /* HeaderFilterCell.swift in Sources */ = {isa = PBXBuildFile; fileRef = 9B4F83312909FA87006E8954 /* HeaderFilterCell.swift */; };
		9B4F83342909FA87006E8954 /* HeaderFilterCell.xib in Resources */ = {isa = PBXBuildFile; fileRef = 9B4F83322909FA87006E8954 /* HeaderFilterCell.xib */; };
		9B4F8337290DCD7F006E8954 /* SeparatorCell.swift in Sources */ = {isa = PBXBuildFile; fileRef = 9B4F8335290DCD7F006E8954 /* SeparatorCell.swift */; };
		9B4F8338290DCD7F006E8954 /* SeparatorCell.xib in Resources */ = {isa = PBXBuildFile; fileRef = 9B4F8336290DCD7F006E8954 /* SeparatorCell.xib */; };
		9B4F833B290DCE00006E8954 /* SearchFilterCell.swift in Sources */ = {isa = PBXBuildFile; fileRef = 9B4F8339290DCE00006E8954 /* SearchFilterCell.swift */; };
		9B4F833C290DCE00006E8954 /* SearchFilterCell.xib in Resources */ = {isa = PBXBuildFile; fileRef = 9B4F833A290DCE00006E8954 /* SearchFilterCell.xib */; };
		9B82C9DD285210F1003EAF59 /* ImagesGalleryViewController.swift in Sources */ = {isa = PBXBuildFile; fileRef = 9B82C9DB285210F1003EAF59 /* ImagesGalleryViewController.swift */; };
		9B82C9DE285210F1003EAF59 /* ImagesGalleryViewController.xib in Resources */ = {isa = PBXBuildFile; fileRef = 9B82C9DC285210F1003EAF59 /* ImagesGalleryViewController.xib */; };
		9B82C9E228521211003EAF59 /* ImageGalleryCell.swift in Sources */ = {isa = PBXBuildFile; fileRef = 9B82C9E028521211003EAF59 /* ImageGalleryCell.swift */; };
		9B82C9E328521211003EAF59 /* ImageGalleryCell.xib in Resources */ = {isa = PBXBuildFile; fileRef = 9B82C9E128521211003EAF59 /* ImageGalleryCell.xib */; };
		9B82C9E528521A85003EAF59 /* ImagesGalleryViewModel.swift in Sources */ = {isa = PBXBuildFile; fileRef = 9B82C9E428521A85003EAF59 /* ImagesGalleryViewModel.swift */; };
		9B8769DC2857A17400FEB405 /* NasaDataManager.swift in Sources */ = {isa = PBXBuildFile; fileRef = 9B8769DB2857A17400FEB405 /* NasaDataManager.swift */; };
		9B8769DE2857A2DD00FEB405 /* APODDataManager.swift in Sources */ = {isa = PBXBuildFile; fileRef = 9B8769DD2857A2DD00FEB405 /* APODDataManager.swift */; };
		9B8769E02857A37200FEB405 /* APOD.swift in Sources */ = {isa = PBXBuildFile; fileRef = 9B8769DF2857A37200FEB405 /* APOD.swift */; };
		9B8769E62857A86500FEB405 /* APODViewController.swift in Sources */ = {isa = PBXBuildFile; fileRef = 9B8769E42857A86500FEB405 /* APODViewController.swift */; };
		9B8769E72857A86500FEB405 /* APODViewController.xib in Resources */ = {isa = PBXBuildFile; fileRef = 9B8769E52857A86500FEB405 /* APODViewController.xib */; };
		9B8769E92857A87100FEB405 /* APODViewModel.swift in Sources */ = {isa = PBXBuildFile; fileRef = 9B8769E82857A87100FEB405 /* APODViewModel.swift */; };
		9B8CABDD2850091100C4667B /* PlanetImageCell.swift in Sources */ = {isa = PBXBuildFile; fileRef = 9B8CABDB2850091100C4667B /* PlanetImageCell.swift */; };
		9B8CABDE2850091100C4667B /* PlanetImageCell.xib in Resources */ = {isa = PBXBuildFile; fileRef = 9B8CABDC2850091100C4667B /* PlanetImageCell.xib */; };
		9B8CABE02850096D00C4667B /* ImageView.swift in Sources */ = {isa = PBXBuildFile; fileRef = 9B8CABDF2850096D00C4667B /* ImageView.swift */; };
		9B931160283E79E20052EF1B /* UIView+Utils.swift in Sources */ = {isa = PBXBuildFile; fileRef = 9B93115F283E79E20052EF1B /* UIView+Utils.swift */; };
		9B931164283E814B0052EF1B /* splashScreen.json in Resources */ = {isa = PBXBuildFile; fileRef = 9B931162283E814B0052EF1B /* splashScreen.json */; };
		9B931165283E814B0052EF1B /* loading.json in Resources */ = {isa = PBXBuildFile; fileRef = 9B931163283E814B0052EF1B /* loading.json */; };
		9B98B6202852DA7D00975043 /* ImageDownloader.swift in Sources */ = {isa = PBXBuildFile; fileRef = 9B98B61F2852DA7D00975043 /* ImageDownloader.swift */; };
		9BB2C11B28580F810057DB4E /* DateFormatter+Utils.swift in Sources */ = {isa = PBXBuildFile; fileRef = 9BB2C11A28580F810057DB4E /* DateFormatter+Utils.swift */; };
		9BB443E4283D55840043EF4E /* AppDelegate.swift in Sources */ = {isa = PBXBuildFile; fileRef = 9BB443E3283D55840043EF4E /* AppDelegate.swift */; };
		9BB443ED283D55850043EF4E /* Assets.xcassets in Resources */ = {isa = PBXBuildFile; fileRef = 9BB443EC283D55850043EF4E /* Assets.xcassets */; };
		9BB443F0283D55850043EF4E /* LaunchScreen.storyboard in Resources */ = {isa = PBXBuildFile; fileRef = 9BB443EE283D55850043EF4E /* LaunchScreen.storyboard */; };
		9BB443FB283D55850043EF4E /* InfoSpaceTests.swift in Sources */ = {isa = PBXBuildFile; fileRef = 9BB443FA283D55850043EF4E /* InfoSpaceTests.swift */; };
		9BB44405283D55850043EF4E /* InfoSpaceUITests.swift in Sources */ = {isa = PBXBuildFile; fileRef = 9BB44404283D55850043EF4E /* InfoSpaceUITests.swift */; };
		9BB44407283D55850043EF4E /* InfoSpaceUITestsLaunchTests.swift in Sources */ = {isa = PBXBuildFile; fileRef = 9BB44406283D55850043EF4E /* InfoSpaceUITestsLaunchTests.swift */; };
		9BB4441E283D62410043EF4E /* UIApplication+Utils.swift in Sources */ = {isa = PBXBuildFile; fileRef = 9BB4441D283D62410043EF4E /* UIApplication+Utils.swift */; };
		9BB44420283D64AA0043EF4E /* UIViewController+Utils.swift in Sources */ = {isa = PBXBuildFile; fileRef = 9BB4441F283D64AA0043EF4E /* UIViewController+Utils.swift */; };
		9BB44425283D65BF0043EF4E /* HudView.swift in Sources */ = {isa = PBXBuildFile; fileRef = 9BB44424283D65BF0043EF4E /* HudView.swift */; };
		9BB44427283D65C70043EF4E /* HudView.xib in Resources */ = {isa = PBXBuildFile; fileRef = 9BB44426283D65C70043EF4E /* HudView.xib */; };
		9BB736D2285659E800B8D867 /* Bundle+Utils.swift in Sources */ = {isa = PBXBuildFile; fileRef = 9BB736D1285659E800B8D867 /* Bundle+Utils.swift */; };
		9BCC498D283E82FA00EF9869 /* SplashScreenViewController.swift in Sources */ = {isa = PBXBuildFile; fileRef = 9BCC498B283E82FA00EF9869 /* SplashScreenViewController.swift */; };
		9BCC498E283E82FA00EF9869 /* SplashScreenViewController.xib in Resources */ = {isa = PBXBuildFile; fileRef = 9BCC498C283E82FA00EF9869 /* SplashScreenViewController.xib */; };
		9BE6E44E28F6536A003A63DF /* SpaceLibraryItem.swift in Sources */ = {isa = PBXBuildFile; fileRef = 9BE6E44D28F6536A003A63DF /* SpaceLibraryItem.swift */; };
		D1B6F28422BB5FBE923926C4 /* Pods_InfoSpace.framework in Frameworks */ = {isa = PBXBuildFile; fileRef = 263D15F4D41936A6E639698D /* Pods_InfoSpace.framework */; };
/* End PBXBuildFile section */

/* Begin PBXContainerItemProxy section */
		9BB443F7283D55850043EF4E /* PBXContainerItemProxy */ = {
			isa = PBXContainerItemProxy;
			containerPortal = 9BB443D8283D55840043EF4E /* Project object */;
			proxyType = 1;
			remoteGlobalIDString = 9BB443DF283D55840043EF4E;
			remoteInfo = InfoSpace;
		};
		9BB44401283D55850043EF4E /* PBXContainerItemProxy */ = {
			isa = PBXContainerItemProxy;
			containerPortal = 9BB443D8283D55840043EF4E /* Project object */;
			proxyType = 1;
			remoteGlobalIDString = 9BB443DF283D55840043EF4E;
			remoteInfo = InfoSpace;
		};
/* End PBXContainerItemProxy section */

/* Begin PBXFileReference section */
		263D15F4D41936A6E639698D /* Pods_InfoSpace.framework */ = {isa = PBXFileReference; explicitFileType = wrapper.framework; includeInIndex = 0; path = Pods_InfoSpace.framework; sourceTree = BUILT_PRODUCTS_DIR; };
		2D78F0F175E868A96314CB68 /* Pods-InfoSpace.debug.xcconfig */ = {isa = PBXFileReference; includeInIndex = 1; lastKnownFileType = text.xcconfig; name = "Pods-InfoSpace.debug.xcconfig"; path = "Target Support Files/Pods-InfoSpace/Pods-InfoSpace.debug.xcconfig"; sourceTree = "<group>"; };
		31E5FDD4CEBABEBE203666EE /* Pods-InfoSpace.release.xcconfig */ = {isa = PBXFileReference; includeInIndex = 1; lastKnownFileType = text.xcconfig; name = "Pods-InfoSpace.release.xcconfig"; path = "Target Support Files/Pods-InfoSpace/Pods-InfoSpace.release.xcconfig"; sourceTree = "<group>"; };
		9B02743F284A817C00C2303A /* Colors.swift */ = {isa = PBXFileReference; lastKnownFileType = sourcecode.swift; path = Colors.swift; sourceTree = "<group>"; };
		9B053FA828429A8800A8AA40 /* CustomNavigationController.swift */ = {isa = PBXFileReference; lastKnownFileType = sourcecode.swift; path = CustomNavigationController.swift; sourceTree = "<group>"; };
		9B19495B286902CE00B8322B /* Utils.swift */ = {isa = PBXFileReference; lastKnownFileType = sourcecode.swift; path = Utils.swift; sourceTree = "<group>"; };
		9B1F8C7428466CC400BCCEBE /* Planet.swift */ = {isa = PBXFileReference; lastKnownFileType = sourcecode.swift; path = Planet.swift; sourceTree = "<group>"; };
		9B1F8C7728466D9500BCCEBE /* FirebaseDataDataManager.swift */ = {isa = PBXFileReference; lastKnownFileType = sourcecode.swift; path = FirebaseDataDataManager.swift; sourceTree = "<group>"; };
		9B1F8C7A28466DF700BCCEBE /* PlanetsDataManager.swift */ = {isa = PBXFileReference; lastKnownFileType = sourcecode.swift; path = PlanetsDataManager.swift; sourceTree = "<group>"; };
		9B1F8C7C284679BD00BCCEBE /* DashboardItem.swift */ = {isa = PBXFileReference; lastKnownFileType = sourcecode.swift; path = DashboardItem.swift; sourceTree = "<group>"; };
		9B21F68F2846D57F00D64B79 /* StarViews.swift */ = {isa = PBXFileReference; lastKnownFileType = sourcecode.swift; path = StarViews.swift; sourceTree = "<group>"; };
		9B2236F52845639B005F47B7 /* Colors.xcassets */ = {isa = PBXFileReference; lastKnownFileType = folder.assetcatalog; path = Colors.xcassets; sourceTree = "<group>"; };
		9B2236FB28456E65005F47B7 /* View.swift */ = {isa = PBXFileReference; lastKnownFileType = sourcecode.swift; path = View.swift; sourceTree = "<group>"; };
		9B2236FD28456ECA005F47B7 /* UIColor+Utils.swift */ = {isa = PBXFileReference; lastKnownFileType = sourcecode.swift; path = "UIColor+Utils.swift"; sourceTree = "<group>"; };
		9B2236FF28456F26005F47B7 /* UIImageView+Utils.swift */ = {isa = PBXFileReference; lastKnownFileType = sourcecode.swift; path = "UIImageView+Utils.swift"; sourceTree = "<group>"; };
		9B22370228457A01005F47B7 /* UICollectionViewCell+Utils.swift */ = {isa = PBXFileReference; lastKnownFileType = sourcecode.swift; path = "UICollectionViewCell+Utils.swift"; sourceTree = "<group>"; };
		9B22370428457A33005F47B7 /* PlanetCell.swift */ = {isa = PBXFileReference; lastKnownFileType = sourcecode.swift; path = PlanetCell.swift; sourceTree = "<group>"; };
		9B22370528457A33005F47B7 /* PlanetCell.xib */ = {isa = PBXFileReference; lastKnownFileType = file.xib; path = PlanetCell.xib; sourceTree = "<group>"; };
		9B22370828457E97005F47B7 /* NotoSansJP-Light.otf */ = {isa = PBXFileReference; lastKnownFileType = file; path = "NotoSansJP-Light.otf"; sourceTree = "<group>"; };
		9B22370928457E97005F47B7 /* NotoSansJP-Medium.otf */ = {isa = PBXFileReference; lastKnownFileType = file; path = "NotoSansJP-Medium.otf"; sourceTree = "<group>"; };
		9B22370A28457E97005F47B7 /* NotoSansJP-Regular.otf */ = {isa = PBXFileReference; lastKnownFileType = file; path = "NotoSansJP-Regular.otf"; sourceTree = "<group>"; };
		9B22370B28457E97005F47B7 /* NotoSansJP-Thin.otf */ = {isa = PBXFileReference; lastKnownFileType = file; path = "NotoSansJP-Thin.otf"; sourceTree = "<group>"; };
		9B22370C28457E97005F47B7 /* NotoSansJP-Black.otf */ = {isa = PBXFileReference; lastKnownFileType = file; path = "NotoSansJP-Black.otf"; sourceTree = "<group>"; };
		9B22370D28457E97005F47B7 /* NotoSansJP-Bold.otf */ = {isa = PBXFileReference; lastKnownFileType = file; path = "NotoSansJP-Bold.otf"; sourceTree = "<group>"; };
		9B223714284588D9005F47B7 /* DashboardItemCell.swift */ = {isa = PBXFileReference; lastKnownFileType = sourcecode.swift; path = DashboardItemCell.swift; sourceTree = "<group>"; };
		9B223715284588D9005F47B7 /* DashboardItemCell.xib */ = {isa = PBXFileReference; lastKnownFileType = file.xib; path = DashboardItemCell.xib; sourceTree = "<group>"; };
		9B22A76228453E65002762AF /* DashboardViewController.swift */ = {isa = PBXFileReference; lastKnownFileType = sourcecode.swift; path = DashboardViewController.swift; sourceTree = "<group>"; };
		9B22A76328453E65002762AF /* DashboardViewController.xib */ = {isa = PBXFileReference; lastKnownFileType = file.xib; path = DashboardViewController.xib; sourceTree = "<group>"; };
		9B22A76628453E8E002762AF /* DashboardViewModel.swift */ = {isa = PBXFileReference; lastKnownFileType = sourcecode.swift; path = DashboardViewModel.swift; sourceTree = "<group>"; };
		9B25530728F1B9A500A8110E /* NasaLibraryDataManager.swift */ = {isa = PBXFileReference; lastKnownFileType = sourcecode.swift; path = NasaLibraryDataManager.swift; sourceTree = "<group>"; };
		9B270E302840013000F4FFED /* Constants.swift */ = {isa = PBXFileReference; lastKnownFileType = sourcecode.swift; path = Constants.swift; sourceTree = "<group>"; };
		9B270E33284001A000F4FFED /* NetworkManager.swift */ = {isa = PBXFileReference; lastKnownFileType = sourcecode.swift; path = NetworkManager.swift; sourceTree = "<group>"; };
		9B270E35284001AB00F4FFED /* Reachability.swift */ = {isa = PBXFileReference; lastKnownFileType = sourcecode.swift; path = Reachability.swift; sourceTree = "<group>"; };
		9B270E37284001B700F4FFED /* WebService.swift */ = {isa = PBXFileReference; lastKnownFileType = sourcecode.swift; path = WebService.swift; sourceTree = "<group>"; };
		9B28B3CC28678C40007D448B /* UITableViewCell+Utils.swift */ = {isa = PBXFileReference; lastKnownFileType = sourcecode.swift; path = "UITableViewCell+Utils.swift"; sourceTree = "<group>"; };
		9B28E317284CE06700F79F7B /* PlanetDetailViewController.swift */ = {isa = PBXFileReference; lastKnownFileType = sourcecode.swift; path = PlanetDetailViewController.swift; sourceTree = "<group>"; };
		9B28E318284CE06700F79F7B /* PlanetDetailViewController.xib */ = {isa = PBXFileReference; lastKnownFileType = file.xib; path = PlanetDetailViewController.xib; sourceTree = "<group>"; };
		9B28E31B284CE0A800F79F7B /* PlanetDetailViewModel.swift */ = {isa = PBXFileReference; lastKnownFileType = sourcecode.swift; path = PlanetDetailViewModel.swift; sourceTree = "<group>"; };
		9B28E321284D120A00F79F7B /* spacerangeracadital.ttf */ = {isa = PBXFileReference; lastKnownFileType = file; path = spacerangeracadital.ttf; sourceTree = "<group>"; };
		9B28E322284D120A00F79F7B /* spacerangerbold.ttf */ = {isa = PBXFileReference; lastKnownFileType = file; path = spacerangerbold.ttf; sourceTree = "<group>"; };
		9B28E323284D120A00F79F7B /* spacerangersemital.ttf */ = {isa = PBXFileReference; lastKnownFileType = file; path = spacerangersemital.ttf; sourceTree = "<group>"; };
		9B28E325284D120A00F79F7B /* spaceranger.ttf */ = {isa = PBXFileReference; lastKnownFileType = file; path = spaceranger.ttf; sourceTree = "<group>"; };
		9B28E326284D120A00F79F7B /* spacerangerhalfital.ttf */ = {isa = PBXFileReference; lastKnownFileType = file; path = spacerangerhalfital.ttf; sourceTree = "<group>"; };
		9B28E327284D120A00F79F7B /* spacerangerout.ttf */ = {isa = PBXFileReference; lastKnownFileType = file; path = spacerangerout.ttf; sourceTree = "<group>"; };
		9B28E32A284D120A00F79F7B /* spacerangerlaser.ttf */ = {isa = PBXFileReference; lastKnownFileType = file; path = spacerangerlaser.ttf; sourceTree = "<group>"; };
		9B28E32B284D120A00F79F7B /* spacerangerexpandital.ttf */ = {isa = PBXFileReference; lastKnownFileType = file; path = spacerangerexpandital.ttf; sourceTree = "<group>"; };
		9B28E32C284D120B00F79F7B /* spacerangerexpand.ttf */ = {isa = PBXFileReference; lastKnownFileType = file; path = spacerangerexpand.ttf; sourceTree = "<group>"; };
		9B28E32E284D120B00F79F7B /* spacerangerital.ttf */ = {isa = PBXFileReference; lastKnownFileType = file; path = spacerangerital.ttf; sourceTree = "<group>"; };
		9B28E330284D120B00F79F7B /* spacerangerboldital.ttf */ = {isa = PBXFileReference; lastKnownFileType = file; path = spacerangerboldital.ttf; sourceTree = "<group>"; };
		9B28E331284D120B00F79F7B /* spaceranger3d.ttf */ = {isa = PBXFileReference; lastKnownFileType = file; path = spaceranger3d.ttf; sourceTree = "<group>"; };
		9B28E333284D120B00F79F7B /* spaceranger3dital.ttf */ = {isa = PBXFileReference; lastKnownFileType = file; path = spaceranger3dital.ttf; sourceTree = "<group>"; };
		9B28E334284D120B00F79F7B /* spacerangerchromeital.ttf */ = {isa = PBXFileReference; lastKnownFileType = file; path = spacerangerchromeital.ttf; sourceTree = "<group>"; };
		9B28E335284D120B00F79F7B /* spacerangerhalf.ttf */ = {isa = PBXFileReference; lastKnownFileType = file; path = spacerangerhalf.ttf; sourceTree = "<group>"; };
		9B28E336284D120B00F79F7B /* spacerangercondital.ttf */ = {isa = PBXFileReference; lastKnownFileType = file; path = spacerangercondital.ttf; sourceTree = "<group>"; };
		9B28E338284D120B00F79F7B /* spacerangercond.ttf */ = {isa = PBXFileReference; lastKnownFileType = file; path = spacerangercond.ttf; sourceTree = "<group>"; };
		9B28E33A284D120B00F79F7B /* spacerangeracad.ttf */ = {isa = PBXFileReference; lastKnownFileType = file; path = spacerangeracad.ttf; sourceTree = "<group>"; };
		9B28E33B284D120B00F79F7B /* spacerangerchrome.ttf */ = {isa = PBXFileReference; lastKnownFileType = file; path = spacerangerchrome.ttf; sourceTree = "<group>"; };
		9B2AC06D2843B1F1005D022E /* SplashScreenViewModel.swift */ = {isa = PBXFileReference; lastKnownFileType = sourcecode.swift; path = SplashScreenViewModel.swift; sourceTree = "<group>"; };
		9B2B835528615D0B002BABDC /* APODDateCell.swift */ = {isa = PBXFileReference; lastKnownFileType = sourcecode.swift; path = APODDateCell.swift; sourceTree = "<group>"; };
		9B2B835628615D0B002BABDC /* APODDateCell.xib */ = {isa = PBXFileReference; lastKnownFileType = file.xib; path = APODDateCell.xib; sourceTree = "<group>"; };
		9B2B835928615D41002BABDC /* APODImageCell.swift */ = {isa = PBXFileReference; lastKnownFileType = sourcecode.swift; path = APODImageCell.swift; sourceTree = "<group>"; };
		9B2B835A28615D41002BABDC /* APODImageCell.xib */ = {isa = PBXFileReference; lastKnownFileType = file.xib; path = APODImageCell.xib; sourceTree = "<group>"; };
		9B2B835D28615D52002BABDC /* APODUrlCell.swift */ = {isa = PBXFileReference; lastKnownFileType = sourcecode.swift; path = APODUrlCell.swift; sourceTree = "<group>"; };
		9B2B835E28615D52002BABDC /* APODUrlCell.xib */ = {isa = PBXFileReference; lastKnownFileType = file.xib; path = APODUrlCell.xib; sourceTree = "<group>"; };
		9B2B836128615D60002BABDC /* APODDescriptionCell.swift */ = {isa = PBXFileReference; lastKnownFileType = sourcecode.swift; path = APODDescriptionCell.swift; sourceTree = "<group>"; };
		9B2B836228615D60002BABDC /* APODDescriptionCell.xib */ = {isa = PBXFileReference; lastKnownFileType = file.xib; path = APODDescriptionCell.xib; sourceTree = "<group>"; };
		9B2B836528615D79002BABDC /* APODTitleCell.swift */ = {isa = PBXFileReference; lastKnownFileType = sourcecode.swift; path = APODTitleCell.swift; sourceTree = "<group>"; };
		9B2B836628615D79002BABDC /* APODTitleCell.xib */ = {isa = PBXFileReference; lastKnownFileType = file.xib; path = APODTitleCell.xib; sourceTree = "<group>"; };
		9B34CFA9290F10D500E642A1 /* YearsFilterCell.swift */ = {isa = PBXFileReference; lastKnownFileType = sourcecode.swift; path = YearsFilterCell.swift; sourceTree = "<group>"; };
		9B34CFAA290F10D500E642A1 /* YearsFilterCell.xib */ = {isa = PBXFileReference; lastKnownFileType = file.xib; path = YearsFilterCell.xib; sourceTree = "<group>"; };
		9B380983290E0D40007851B2 /* ContentTypeFilterCell.swift */ = {isa = PBXFileReference; lastKnownFileType = sourcecode.swift; path = ContentTypeFilterCell.swift; sourceTree = "<group>"; };
		9B380984290E0D40007851B2 /* ContentTypeFilterCell.xib */ = {isa = PBXFileReference; lastKnownFileType = file.xib; path = ContentTypeFilterCell.xib; sourceTree = "<group>"; };
		9B38098C290E0D98007851B2 /* ContentTypeItemCell.swift */ = {isa = PBXFileReference; lastKnownFileType = sourcecode.swift; path = ContentTypeItemCell.swift; sourceTree = "<group>"; };
		9B38098D290E0D98007851B2 /* ContentTypeItemCell.xib */ = {isa = PBXFileReference; lastKnownFileType = file.xib; path = ContentTypeItemCell.xib; sourceTree = "<group>"; };
		9B38CD18286F5FEC006712EE /* Label.swift */ = {isa = PBXFileReference; lastKnownFileType = sourcecode.swift; path = Label.swift; sourceTree = "<group>"; };
		9B38CD1E2872230E006712EE /* AsteroidsNearEarthViewController.swift */ = {isa = PBXFileReference; lastKnownFileType = sourcecode.swift; path = AsteroidsNearEarthViewController.swift; sourceTree = "<group>"; };
		9B38CD1F2872230E006712EE /* AsteroidsNearEarthViewController.xib */ = {isa = PBXFileReference; lastKnownFileType = file.xib; path = AsteroidsNearEarthViewController.xib; sourceTree = "<group>"; };
		9B38CD2228722327006712EE /* AsteroidsNearEarthViewModel.swift */ = {isa = PBXFileReference; lastKnownFileType = sourcecode.swift; path = AsteroidsNearEarthViewModel.swift; sourceTree = "<group>"; };
		9B38CD2428722340006712EE /* MarsRoverViewController.swift */ = {isa = PBXFileReference; lastKnownFileType = sourcecode.swift; path = MarsRoverViewController.swift; sourceTree = "<group>"; };
		9B38CD2528722340006712EE /* MarsRoverViewController.xib */ = {isa = PBXFileReference; lastKnownFileType = file.xib; path = MarsRoverViewController.xib; sourceTree = "<group>"; };
		9B38CD282872234F006712EE /* MarsRoverViewModel.swift */ = {isa = PBXFileReference; lastKnownFileType = sourcecode.swift; path = MarsRoverViewModel.swift; sourceTree = "<group>"; };
		9B38CD2A28722362006712EE /* SpaceLibraryViewController.swift */ = {isa = PBXFileReference; lastKnownFileType = sourcecode.swift; path = SpaceLibraryViewController.swift; sourceTree = "<group>"; };
		9B38CD2B28722362006712EE /* SpaceLibraryViewController.xib */ = {isa = PBXFileReference; lastKnownFileType = file.xib; path = SpaceLibraryViewController.xib; sourceTree = "<group>"; };
		9B38CD2E28722373006712EE /* SpaceLibraryViewModel.swift */ = {isa = PBXFileReference; lastKnownFileType = sourcecode.swift; path = SpaceLibraryViewModel.swift; sourceTree = "<group>"; };
		9B3C3609285C093C00E19B8C /* HeaderView.swift */ = {isa = PBXFileReference; lastKnownFileType = sourcecode.swift; path = HeaderView.swift; sourceTree = "<group>"; };
		9B3C360C285C095100E19B8C /* HeaderView.xib */ = {isa = PBXFileReference; lastKnownFileType = file.xib; path = HeaderView.xib; sourceTree = "<group>"; };
		9B3D44E72862883C007AB312 /* Button.swift */ = {isa = PBXFileReference; lastKnownFileType = sourcecode.swift; path = Button.swift; sourceTree = "<group>"; };
		9B4DEAC52906E74E008A5141 /* FilterView.swift */ = {isa = PBXFileReference; lastKnownFileType = sourcecode.swift; path = FilterView.swift; sourceTree = "<group>"; };
		9B4DEAC92906E75F008A5141 /* FilterView.xib */ = {isa = PBXFileReference; lastKnownFileType = file.xib; path = FilterView.xib; sourceTree = "<group>"; };
		9B4F83312909FA87006E8954 /* HeaderFilterCell.swift */ = {isa = PBXFileReference; lastKnownFileType = sourcecode.swift; path = HeaderFilterCell.swift; sourceTree = "<group>"; };
		9B4F83322909FA87006E8954 /* HeaderFilterCell.xib */ = {isa = PBXFileReference; lastKnownFileType = file.xib; path = HeaderFilterCell.xib; sourceTree = "<group>"; };
		9B4F8335290DCD7F006E8954 /* SeparatorCell.swift */ = {isa = PBXFileReference; lastKnownFileType = sourcecode.swift; path = SeparatorCell.swift; sourceTree = "<group>"; };
		9B4F8336290DCD7F006E8954 /* SeparatorCell.xib */ = {isa = PBXFileReference; lastKnownFileType = file.xib; path = SeparatorCell.xib; sourceTree = "<group>"; };
		9B4F8339290DCE00006E8954 /* SearchFilterCell.swift */ = {isa = PBXFileReference; lastKnownFileType = sourcecode.swift; path = SearchFilterCell.swift; sourceTree = "<group>"; };
		9B4F833A290DCE00006E8954 /* SearchFilterCell.xib */ = {isa = PBXFileReference; lastKnownFileType = file.xib; path = SearchFilterCell.xib; sourceTree = "<group>"; };
		9B82C9DB285210F1003EAF59 /* ImagesGalleryViewController.swift */ = {isa = PBXFileReference; lastKnownFileType = sourcecode.swift; path = ImagesGalleryViewController.swift; sourceTree = "<group>"; };
		9B82C9DC285210F1003EAF59 /* ImagesGalleryViewController.xib */ = {isa = PBXFileReference; lastKnownFileType = file.xib; path = ImagesGalleryViewController.xib; sourceTree = "<group>"; };
		9B82C9E028521211003EAF59 /* ImageGalleryCell.swift */ = {isa = PBXFileReference; lastKnownFileType = sourcecode.swift; path = ImageGalleryCell.swift; sourceTree = "<group>"; };
		9B82C9E128521211003EAF59 /* ImageGalleryCell.xib */ = {isa = PBXFileReference; lastKnownFileType = file.xib; path = ImageGalleryCell.xib; sourceTree = "<group>"; };
		9B82C9E428521A85003EAF59 /* ImagesGalleryViewModel.swift */ = {isa = PBXFileReference; lastKnownFileType = sourcecode.swift; path = ImagesGalleryViewModel.swift; sourceTree = "<group>"; };
		9B8769DB2857A17400FEB405 /* NasaDataManager.swift */ = {isa = PBXFileReference; lastKnownFileType = sourcecode.swift; path = NasaDataManager.swift; sourceTree = "<group>"; };
		9B8769DD2857A2DD00FEB405 /* APODDataManager.swift */ = {isa = PBXFileReference; lastKnownFileType = sourcecode.swift; path = APODDataManager.swift; sourceTree = "<group>"; };
		9B8769DF2857A37200FEB405 /* APOD.swift */ = {isa = PBXFileReference; lastKnownFileType = sourcecode.swift; path = APOD.swift; sourceTree = "<group>"; };
		9B8769E42857A86500FEB405 /* APODViewController.swift */ = {isa = PBXFileReference; lastKnownFileType = sourcecode.swift; path = APODViewController.swift; sourceTree = "<group>"; };
		9B8769E52857A86500FEB405 /* APODViewController.xib */ = {isa = PBXFileReference; lastKnownFileType = file.xib; path = APODViewController.xib; sourceTree = "<group>"; };
		9B8769E82857A87100FEB405 /* APODViewModel.swift */ = {isa = PBXFileReference; lastKnownFileType = sourcecode.swift; path = APODViewModel.swift; sourceTree = "<group>"; };
		9B8CABDB2850091100C4667B /* PlanetImageCell.swift */ = {isa = PBXFileReference; lastKnownFileType = sourcecode.swift; path = PlanetImageCell.swift; sourceTree = "<group>"; };
		9B8CABDC2850091100C4667B /* PlanetImageCell.xib */ = {isa = PBXFileReference; lastKnownFileType = file.xib; path = PlanetImageCell.xib; sourceTree = "<group>"; };
		9B8CABDF2850096D00C4667B /* ImageView.swift */ = {isa = PBXFileReference; lastKnownFileType = sourcecode.swift; path = ImageView.swift; sourceTree = "<group>"; };
		9B93115F283E79E20052EF1B /* UIView+Utils.swift */ = {isa = PBXFileReference; lastKnownFileType = sourcecode.swift; path = "UIView+Utils.swift"; sourceTree = "<group>"; };
		9B931162283E814B0052EF1B /* splashScreen.json */ = {isa = PBXFileReference; fileEncoding = 4; lastKnownFileType = text.json; path = splashScreen.json; sourceTree = "<group>"; };
		9B931163283E814B0052EF1B /* loading.json */ = {isa = PBXFileReference; fileEncoding = 4; lastKnownFileType = text.json; path = loading.json; sourceTree = "<group>"; };
		9B98B61F2852DA7D00975043 /* ImageDownloader.swift */ = {isa = PBXFileReference; lastKnownFileType = sourcecode.swift; path = ImageDownloader.swift; sourceTree = "<group>"; };
		9BB2C11A28580F810057DB4E /* DateFormatter+Utils.swift */ = {isa = PBXFileReference; lastKnownFileType = sourcecode.swift; path = "DateFormatter+Utils.swift"; sourceTree = "<group>"; };
		9BB443E0283D55840043EF4E /* InfoSpace.app */ = {isa = PBXFileReference; explicitFileType = wrapper.application; includeInIndex = 0; path = InfoSpace.app; sourceTree = BUILT_PRODUCTS_DIR; };
		9BB443E3283D55840043EF4E /* AppDelegate.swift */ = {isa = PBXFileReference; lastKnownFileType = sourcecode.swift; path = AppDelegate.swift; sourceTree = "<group>"; };
		9BB443EC283D55850043EF4E /* Assets.xcassets */ = {isa = PBXFileReference; lastKnownFileType = folder.assetcatalog; path = Assets.xcassets; sourceTree = "<group>"; };
		9BB443EF283D55850043EF4E /* Base */ = {isa = PBXFileReference; lastKnownFileType = file.storyboard; name = Base; path = Base.lproj/LaunchScreen.storyboard; sourceTree = "<group>"; };
		9BB443F1283D55850043EF4E /* Info.plist */ = {isa = PBXFileReference; lastKnownFileType = text.plist.xml; path = Info.plist; sourceTree = "<group>"; };
		9BB443F6283D55850043EF4E /* InfoSpaceTests.xctest */ = {isa = PBXFileReference; explicitFileType = wrapper.cfbundle; includeInIndex = 0; path = InfoSpaceTests.xctest; sourceTree = BUILT_PRODUCTS_DIR; };
		9BB443FA283D55850043EF4E /* InfoSpaceTests.swift */ = {isa = PBXFileReference; lastKnownFileType = sourcecode.swift; path = InfoSpaceTests.swift; sourceTree = "<group>"; };
		9BB44400283D55850043EF4E /* InfoSpaceUITests.xctest */ = {isa = PBXFileReference; explicitFileType = wrapper.cfbundle; includeInIndex = 0; path = InfoSpaceUITests.xctest; sourceTree = BUILT_PRODUCTS_DIR; };
		9BB44404283D55850043EF4E /* InfoSpaceUITests.swift */ = {isa = PBXFileReference; lastKnownFileType = sourcecode.swift; path = InfoSpaceUITests.swift; sourceTree = "<group>"; };
		9BB44406283D55850043EF4E /* InfoSpaceUITestsLaunchTests.swift */ = {isa = PBXFileReference; lastKnownFileType = sourcecode.swift; path = InfoSpaceUITestsLaunchTests.swift; sourceTree = "<group>"; };
		9BB4441D283D62410043EF4E /* UIApplication+Utils.swift */ = {isa = PBXFileReference; lastKnownFileType = sourcecode.swift; path = "UIApplication+Utils.swift"; sourceTree = "<group>"; };
		9BB4441F283D64AA0043EF4E /* UIViewController+Utils.swift */ = {isa = PBXFileReference; lastKnownFileType = sourcecode.swift; path = "UIViewController+Utils.swift"; sourceTree = "<group>"; };
		9BB44424283D65BF0043EF4E /* HudView.swift */ = {isa = PBXFileReference; lastKnownFileType = sourcecode.swift; path = HudView.swift; sourceTree = "<group>"; };
		9BB44426283D65C70043EF4E /* HudView.xib */ = {isa = PBXFileReference; lastKnownFileType = file.xib; path = HudView.xib; sourceTree = "<group>"; };
		9BB736D1285659E800B8D867 /* Bundle+Utils.swift */ = {isa = PBXFileReference; lastKnownFileType = sourcecode.swift; path = "Bundle+Utils.swift"; sourceTree = "<group>"; };
		9BCC498B283E82FA00EF9869 /* SplashScreenViewController.swift */ = {isa = PBXFileReference; lastKnownFileType = sourcecode.swift; path = SplashScreenViewController.swift; sourceTree = "<group>"; };
		9BCC498C283E82FA00EF9869 /* SplashScreenViewController.xib */ = {isa = PBXFileReference; lastKnownFileType = file.xib; path = SplashScreenViewController.xib; sourceTree = "<group>"; };
		9BE6E44D28F6536A003A63DF /* SpaceLibraryItem.swift */ = {isa = PBXFileReference; lastKnownFileType = sourcecode.swift; path = SpaceLibraryItem.swift; sourceTree = "<group>"; };
/* End PBXFileReference section */

/* Begin PBXFrameworksBuildPhase section */
		9BB443DD283D55840043EF4E /* Frameworks */ = {
			isa = PBXFrameworksBuildPhase;
			buildActionMask = 2147483647;
			files = (
				D1B6F28422BB5FBE923926C4 /* Pods_InfoSpace.framework in Frameworks */,
			);
			runOnlyForDeploymentPostprocessing = 0;
		};
		9BB443F3283D55850043EF4E /* Frameworks */ = {
			isa = PBXFrameworksBuildPhase;
			buildActionMask = 2147483647;
			files = (
			);
			runOnlyForDeploymentPostprocessing = 0;
		};
		9BB443FD283D55850043EF4E /* Frameworks */ = {
			isa = PBXFrameworksBuildPhase;
			buildActionMask = 2147483647;
			files = (
			);
			runOnlyForDeploymentPostprocessing = 0;
		};
/* End PBXFrameworksBuildPhase section */

/* Begin PBXGroup section */
		526EE50653B0B975900929E7 /* Pods */ = {
			isa = PBXGroup;
			children = (
				2D78F0F175E868A96314CB68 /* Pods-InfoSpace.debug.xcconfig */,
				31E5FDD4CEBABEBE203666EE /* Pods-InfoSpace.release.xcconfig */,
			);
			path = Pods;
			sourceTree = "<group>";
		};
		9B053FA728429A5E00A8AA40 /* Base */ = {
			isa = PBXGroup;
			children = (
				9BB443E3283D55840043EF4E /* AppDelegate.swift */,
				9B053FA828429A8800A8AA40 /* CustomNavigationController.swift */,
				9BB443EE283D55850043EF4E /* LaunchScreen.storyboard */,
			);
			path = Base;
			sourceTree = "<group>";
		};
		9B053FB02842A1F800A8AA40 /* Dashboard */ = {
			isa = PBXGroup;
			children = (
				9B223701284579C6005F47B7 /* Cells */,
				9B22A76228453E65002762AF /* DashboardViewController.swift */,
				9B22A76328453E65002762AF /* DashboardViewController.xib */,
				9B22A76628453E8E002762AF /* DashboardViewModel.swift */,
			);
			path = Dashboard;
			sourceTree = "<group>";
		};
		9B1F8C7628466D7400BCCEBE /* FirebaseProvider */ = {
			isa = PBXGroup;
			children = (
				9B1F8C7728466D9500BCCEBE /* FirebaseDataDataManager.swift */,
				9B1F8C7A28466DF700BCCEBE /* PlanetsDataManager.swift */,
			);
			path = FirebaseProvider;
			sourceTree = "<group>";
		};
		9B21F68E2846D55700D64B79 /* StarViews */ = {
			isa = PBXGroup;
			children = (
				9B21F68F2846D57F00D64B79 /* StarViews.swift */,
			);
			path = StarViews;
			sourceTree = "<group>";
		};
		9B2236F728456A69005F47B7 /* Fonts */ = {
			isa = PBXGroup;
			children = (
				9B28E31E284D11AF00F79F7B /* SpaceRanger */,
				9B28E31D284D117D00F79F7B /* NotoSansJP */,
			);
			path = Fonts;
			sourceTree = "<group>";
		};
		9B2236FA28456E4B005F47B7 /* CustomUIItems */ = {
			isa = PBXGroup;
			children = (
				9B2236FB28456E65005F47B7 /* View.swift */,
				9B8CABDF2850096D00C4667B /* ImageView.swift */,
				9B3D44E72862883C007AB312 /* Button.swift */,
				9B38CD18286F5FEC006712EE /* Label.swift */,
			);
			path = CustomUIItems;
			sourceTree = "<group>";
		};
		9B223701284579C6005F47B7 /* Cells */ = {
			isa = PBXGroup;
			children = (
				9B22370428457A33005F47B7 /* PlanetCell.swift */,
				9B22370528457A33005F47B7 /* PlanetCell.xib */,
				9B223714284588D9005F47B7 /* DashboardItemCell.swift */,
				9B223715284588D9005F47B7 /* DashboardItemCell.xib */,
			);
			path = Cells;
			sourceTree = "<group>";
		};
		9B270E322840018900F4FFED /* Network */ = {
			isa = PBXGroup;
			children = (
				9B270E33284001A000F4FFED /* NetworkManager.swift */,
				9B270E35284001AB00F4FFED /* Reachability.swift */,
				9B270E37284001B700F4FFED /* WebService.swift */,
			);
			path = Network;
			sourceTree = "<group>";
		};
		9B28E316284CE04400F79F7B /* PlanetDetail */ = {
			isa = PBXGroup;
			children = (
				9B8CABDA285008E300C4667B /* Cell */,
				9B28E317284CE06700F79F7B /* PlanetDetailViewController.swift */,
				9B28E318284CE06700F79F7B /* PlanetDetailViewController.xib */,
				9B28E31B284CE0A800F79F7B /* PlanetDetailViewModel.swift */,
			);
			path = PlanetDetail;
			sourceTree = "<group>";
		};
		9B28E31D284D117D00F79F7B /* NotoSansJP */ = {
			isa = PBXGroup;
			children = (
				9B22370C28457E97005F47B7 /* NotoSansJP-Black.otf */,
				9B22370D28457E97005F47B7 /* NotoSansJP-Bold.otf */,
				9B22370828457E97005F47B7 /* NotoSansJP-Light.otf */,
				9B22370928457E97005F47B7 /* NotoSansJP-Medium.otf */,
				9B22370A28457E97005F47B7 /* NotoSansJP-Regular.otf */,
				9B22370B28457E97005F47B7 /* NotoSansJP-Thin.otf */,
			);
			path = NotoSansJP;
			sourceTree = "<group>";
		};
		9B28E31E284D11AF00F79F7B /* SpaceRanger */ = {
			isa = PBXGroup;
			children = (
				9B28E325284D120A00F79F7B /* spaceranger.ttf */,
				9B28E331284D120B00F79F7B /* spaceranger3d.ttf */,
				9B28E333284D120B00F79F7B /* spaceranger3dital.ttf */,
				9B28E33A284D120B00F79F7B /* spacerangeracad.ttf */,
				9B28E321284D120A00F79F7B /* spacerangeracadital.ttf */,
				9B28E322284D120A00F79F7B /* spacerangerbold.ttf */,
				9B28E330284D120B00F79F7B /* spacerangerboldital.ttf */,
				9B28E33B284D120B00F79F7B /* spacerangerchrome.ttf */,
				9B28E334284D120B00F79F7B /* spacerangerchromeital.ttf */,
				9B28E338284D120B00F79F7B /* spacerangercond.ttf */,
				9B28E336284D120B00F79F7B /* spacerangercondital.ttf */,
				9B28E32C284D120B00F79F7B /* spacerangerexpand.ttf */,
				9B28E32B284D120A00F79F7B /* spacerangerexpandital.ttf */,
				9B28E335284D120B00F79F7B /* spacerangerhalf.ttf */,
				9B28E326284D120A00F79F7B /* spacerangerhalfital.ttf */,
				9B28E32E284D120B00F79F7B /* spacerangerital.ttf */,
				9B28E32A284D120A00F79F7B /* spacerangerlaser.ttf */,
				9B28E327284D120A00F79F7B /* spacerangerout.ttf */,
				9B28E323284D120A00F79F7B /* spacerangersemital.ttf */,
			);
			path = SpaceRanger;
			sourceTree = "<group>";
		};
		9B2B835428615CE7002BABDC /* Cells */ = {
			isa = PBXGroup;
			children = (
				9B2B835528615D0B002BABDC /* APODDateCell.swift */,
				9B2B835628615D0B002BABDC /* APODDateCell.xib */,
				9B2B835928615D41002BABDC /* APODImageCell.swift */,
				9B2B835A28615D41002BABDC /* APODImageCell.xib */,
				9B2B835D28615D52002BABDC /* APODUrlCell.swift */,
				9B2B835E28615D52002BABDC /* APODUrlCell.xib */,
				9B2B836528615D79002BABDC /* APODTitleCell.swift */,
				9B2B836628615D79002BABDC /* APODTitleCell.xib */,
				9B2B836128615D60002BABDC /* APODDescriptionCell.swift */,
				9B2B836228615D60002BABDC /* APODDescriptionCell.xib */,
			);
			path = Cells;
			sourceTree = "<group>";
		};
		9B380987290E0D4F007851B2 /* CollectionCells */ = {
			isa = PBXGroup;
			children = (
				9B38098C290E0D98007851B2 /* ContentTypeItemCell.swift */,
				9B38098D290E0D98007851B2 /* ContentTypeItemCell.xib */,
			);
			path = CollectionCells;
			sourceTree = "<group>";
		};
		9B38CD1A287221AA006712EE /* MarsRover */ = {
			isa = PBXGroup;
			children = (
				9B38CD2428722340006712EE /* MarsRoverViewController.swift */,
				9B38CD2528722340006712EE /* MarsRoverViewController.xib */,
				9B38CD282872234F006712EE /* MarsRoverViewModel.swift */,
			);
			path = MarsRover;
			sourceTree = "<group>";
		};
		9B38CD1C287221F2006712EE /* AsteroidsNearEarth */ = {
			isa = PBXGroup;
			children = (
				9B38CD1E2872230E006712EE /* AsteroidsNearEarthViewController.swift */,
				9B38CD1F2872230E006712EE /* AsteroidsNearEarthViewController.xib */,
				9B38CD2228722327006712EE /* AsteroidsNearEarthViewModel.swift */,
			);
			path = AsteroidsNearEarth;
			sourceTree = "<group>";
		};
		9B38CD1D28722211006712EE /* SpaceLibrary */ = {
			isa = PBXGroup;
			children = (
				9B38CD2A28722362006712EE /* SpaceLibraryViewController.swift */,
				9B38CD2B28722362006712EE /* SpaceLibraryViewController.xib */,
				9B38CD2E28722373006712EE /* SpaceLibraryViewModel.swift */,
			);
			path = SpaceLibrary;
			sourceTree = "<group>";
		};
		9B3C360B285C094100E19B8C /* HeaderView */ = {
			isa = PBXGroup;
			children = (
				9B3C3609285C093C00E19B8C /* HeaderView.swift */,
				9B3C360C285C095100E19B8C /* HeaderView.xib */,
			);
			path = HeaderView;
			sourceTree = "<group>";
		};
		9B4DEAC42906E6B5008A5141 /* FilterView */ = {
			isa = PBXGroup;
			children = (
				9B380987290E0D4F007851B2 /* CollectionCells */,
				9B4DEACB2906EEA2008A5141 /* TableCells */,
				9B4DEAC52906E74E008A5141 /* FilterView.swift */,
				9B4DEAC92906E75F008A5141 /* FilterView.xib */,
			);
			path = FilterView;
			sourceTree = "<group>";
		};
		9B4DEACB2906EEA2008A5141 /* TableCells */ = {
			isa = PBXGroup;
			children = (
				9B4F83312909FA87006E8954 /* HeaderFilterCell.swift */,
				9B4F83322909FA87006E8954 /* HeaderFilterCell.xib */,
				9B4F8335290DCD7F006E8954 /* SeparatorCell.swift */,
				9B4F8336290DCD7F006E8954 /* SeparatorCell.xib */,
				9B4F8339290DCE00006E8954 /* SearchFilterCell.swift */,
				9B4F833A290DCE00006E8954 /* SearchFilterCell.xib */,
				9B380983290E0D40007851B2 /* ContentTypeFilterCell.swift */,
				9B380984290E0D40007851B2 /* ContentTypeFilterCell.xib */,
				9B34CFA9290F10D500E642A1 /* YearsFilterCell.swift */,
				9B34CFAA290F10D500E642A1 /* YearsFilterCell.xib */,
			);
			path = TableCells;
			sourceTree = "<group>";
		};
		9B82C9DA285210BC003EAF59 /* ImagesGallery */ = {
			isa = PBXGroup;
			children = (
				9B82C9DF285211FB003EAF59 /* Cells */,
				9B82C9DB285210F1003EAF59 /* ImagesGalleryViewController.swift */,
				9B82C9DC285210F1003EAF59 /* ImagesGalleryViewController.xib */,
				9B82C9E428521A85003EAF59 /* ImagesGalleryViewModel.swift */,
			);
			path = ImagesGallery;
			sourceTree = "<group>";
		};
		9B82C9DF285211FB003EAF59 /* Cells */ = {
			isa = PBXGroup;
			children = (
				9B82C9E028521211003EAF59 /* ImageGalleryCell.swift */,
				9B82C9E128521211003EAF59 /* ImageGalleryCell.xib */,
			);
			path = Cells;
			sourceTree = "<group>";
		};
		9B8769DA2857A14D00FEB405 /* NasaProvider */ = {
			isa = PBXGroup;
			children = (
				9B8769DB2857A17400FEB405 /* NasaDataManager.swift */,
				9B8769DD2857A2DD00FEB405 /* APODDataManager.swift */,
				9B25530728F1B9A500A8110E /* NasaLibraryDataManager.swift */,
			);
			path = NasaProvider;
			sourceTree = "<group>";
		};
		9B8769E12857A83900FEB405 /* APOD */ = {
			isa = PBXGroup;
			children = (
				9B2B835428615CE7002BABDC /* Cells */,
				9B8769E42857A86500FEB405 /* APODViewController.swift */,
				9B8769E52857A86500FEB405 /* APODViewController.xib */,
				9B8769E82857A87100FEB405 /* APODViewModel.swift */,
			);
			path = APOD;
			sourceTree = "<group>";
		};
		9B8CABDA285008E300C4667B /* Cell */ = {
			isa = PBXGroup;
			children = (
				9B8CABDB2850091100C4667B /* PlanetImageCell.swift */,
				9B8CABDC2850091100C4667B /* PlanetImageCell.xib */,
			);
			path = Cell;
			sourceTree = "<group>";
		};
		9B931161283E7F8C0052EF1B /* AnimationFiles */ = {
			isa = PBXGroup;
			children = (
				9B931163283E814B0052EF1B /* loading.json */,
				9B931162283E814B0052EF1B /* splashScreen.json */,
			);
			path = AnimationFiles;
			sourceTree = "<group>";
		};
		9BB443D7283D55840043EF4E = {
			isa = PBXGroup;
			children = (
				9BB443E2283D55840043EF4E /* InfoSpace */,
				9BB443F9283D55850043EF4E /* InfoSpaceTests */,
				9BB44403283D55850043EF4E /* InfoSpaceUITests */,
				9BB443E1283D55840043EF4E /* Products */,
				526EE50653B0B975900929E7 /* Pods */,
				BEB9B7F12172C950099775CF /* Frameworks */,
			);
			sourceTree = "<group>";
		};
		9BB443E1283D55840043EF4E /* Products */ = {
			isa = PBXGroup;
			children = (
				9BB443E0283D55840043EF4E /* InfoSpace.app */,
				9BB443F6283D55850043EF4E /* InfoSpaceTests.xctest */,
				9BB44400283D55850043EF4E /* InfoSpaceUITests.xctest */,
			);
			name = Products;
			sourceTree = "<group>";
		};
		9BB443E2283D55840043EF4E /* InfoSpace */ = {
			isa = PBXGroup;
			children = (
				9B053FA728429A5E00A8AA40 /* Base */,
				9BB44414283D5FAA0043EF4E /* Model */,
				9BB44415283D5FB10043EF4E /* Provider */,
				9BB44417283D5FC30043EF4E /* SupportingFiles */,
				9BB44413283D5F6F0043EF4E /* UseCases */,
				9BB44416283D5FBB0043EF4E /* Util */,
				9BB443F1283D55850043EF4E /* Info.plist */,
			);
			path = InfoSpace;
			sourceTree = "<group>";
		};
		9BB443F9283D55850043EF4E /* InfoSpaceTests */ = {
			isa = PBXGroup;
			children = (
				9BB443FA283D55850043EF4E /* InfoSpaceTests.swift */,
			);
			path = InfoSpaceTests;
			sourceTree = "<group>";
		};
		9BB44403283D55850043EF4E /* InfoSpaceUITests */ = {
			isa = PBXGroup;
			children = (
				9BB44404283D55850043EF4E /* InfoSpaceUITests.swift */,
				9BB44406283D55850043EF4E /* InfoSpaceUITestsLaunchTests.swift */,
			);
			path = InfoSpaceUITests;
			sourceTree = "<group>";
		};
		9BB44413283D5F6F0043EF4E /* UseCases */ = {
			isa = PBXGroup;
			children = (
				9B8769E12857A83900FEB405 /* APOD */,
				9B38CD1C287221F2006712EE /* AsteroidsNearEarth */,
				9BB44422283D65660043EF4E /* Common */,
				9B053FB02842A1F800A8AA40 /* Dashboard */,
				9B82C9DA285210BC003EAF59 /* ImagesGallery */,
				9B38CD1A287221AA006712EE /* MarsRover */,
				9B28E316284CE04400F79F7B /* PlanetDetail */,
				9B38CD1D28722211006712EE /* SpaceLibrary */,
				9BCC498A283E82D000EF9869 /* SplashScreen */,
			);
			path = UseCases;
			sourceTree = "<group>";
		};
		9BB44414283D5FAA0043EF4E /* Model */ = {
			isa = PBXGroup;
			children = (
				9B8769DF2857A37200FEB405 /* APOD.swift */,
				9B1F8C7428466CC400BCCEBE /* Planet.swift */,
				9B1F8C7C284679BD00BCCEBE /* DashboardItem.swift */,
				9BE6E44D28F6536A003A63DF /* SpaceLibraryItem.swift */,
			);
			path = Model;
			sourceTree = "<group>";
		};
		9BB44415283D5FB10043EF4E /* Provider */ = {
			isa = PBXGroup;
			children = (
				9B8769DA2857A14D00FEB405 /* NasaProvider */,
				9B1F8C7628466D7400BCCEBE /* FirebaseProvider */,
				9B270E322840018900F4FFED /* Network */,
			);
			path = Provider;
			sourceTree = "<group>";
		};
		9BB44416283D5FBB0043EF4E /* Util */ = {
			isa = PBXGroup;
			children = (
				9B2236FA28456E4B005F47B7 /* CustomUIItems */,
				9BB4441C283D62190043EF4E /* Extensions */,
				9B270E302840013000F4FFED /* Constants.swift */,
				9B02743F284A817C00C2303A /* Colors.swift */,
				9B98B61F2852DA7D00975043 /* ImageDownloader.swift */,
				9B19495B286902CE00B8322B /* Utils.swift */,
			);
			path = Util;
			sourceTree = "<group>";
		};
		9BB44417283D5FC30043EF4E /* SupportingFiles */ = {
			isa = PBXGroup;
			children = (
				9B2236F728456A69005F47B7 /* Fonts */,
				9B931161283E7F8C0052EF1B /* AnimationFiles */,
				9BB443EC283D55850043EF4E /* Assets.xcassets */,
				9B2236F52845639B005F47B7 /* Colors.xcassets */,
			);
			path = SupportingFiles;
			sourceTree = "<group>";
		};
		9BB4441C283D62190043EF4E /* Extensions */ = {
			isa = PBXGroup;
			children = (
				9BB736D1285659E800B8D867 /* Bundle+Utils.swift */,
				9BB4441D283D62410043EF4E /* UIApplication+Utils.swift */,
				9BB4441F283D64AA0043EF4E /* UIViewController+Utils.swift */,
				9B93115F283E79E20052EF1B /* UIView+Utils.swift */,
				9B2236FD28456ECA005F47B7 /* UIColor+Utils.swift */,
				9B2236FF28456F26005F47B7 /* UIImageView+Utils.swift */,
				9B22370228457A01005F47B7 /* UICollectionViewCell+Utils.swift */,
				9BB2C11A28580F810057DB4E /* DateFormatter+Utils.swift */,
				9B28B3CC28678C40007D448B /* UITableViewCell+Utils.swift */,
			);
			path = Extensions;
			sourceTree = "<group>";
		};
		9BB44422283D65660043EF4E /* Common */ = {
			isa = PBXGroup;
			children = (
				9B4DEAC42906E6B5008A5141 /* FilterView */,
				9B3C360B285C094100E19B8C /* HeaderView */,
				9B21F68E2846D55700D64B79 /* StarViews */,
				9BB44423283D65740043EF4E /* HudView */,
			);
			path = Common;
			sourceTree = "<group>";
		};
		9BB44423283D65740043EF4E /* HudView */ = {
			isa = PBXGroup;
			children = (
				9BB44424283D65BF0043EF4E /* HudView.swift */,
				9BB44426283D65C70043EF4E /* HudView.xib */,
			);
			path = HudView;
			sourceTree = "<group>";
		};
		9BCC498A283E82D000EF9869 /* SplashScreen */ = {
			isa = PBXGroup;
			children = (
				9BCC498B283E82FA00EF9869 /* SplashScreenViewController.swift */,
				9BCC498C283E82FA00EF9869 /* SplashScreenViewController.xib */,
				9B2AC06D2843B1F1005D022E /* SplashScreenViewModel.swift */,
			);
			path = SplashScreen;
			sourceTree = "<group>";
		};
		BEB9B7F12172C950099775CF /* Frameworks */ = {
			isa = PBXGroup;
			children = (
				263D15F4D41936A6E639698D /* Pods_InfoSpace.framework */,
			);
			name = Frameworks;
			sourceTree = "<group>";
		};
/* End PBXGroup section */

/* Begin PBXNativeTarget section */
		9BB443DF283D55840043EF4E /* InfoSpace */ = {
			isa = PBXNativeTarget;
			buildConfigurationList = 9BB4440A283D55850043EF4E /* Build configuration list for PBXNativeTarget "InfoSpace" */;
			buildPhases = (
				2D8687C14FC54185A58B25C3 /* [CP] Check Pods Manifest.lock */,
				9BB443DC283D55840043EF4E /* Sources */,
				9BB443DD283D55840043EF4E /* Frameworks */,
				9BB443DE283D55840043EF4E /* Resources */,
				2A74215067A7EFBE44A2C7F7 /* [CP] Embed Pods Frameworks */,
			);
			buildRules = (
			);
			dependencies = (
			);
			name = InfoSpace;
			productName = InfoSpace;
			productReference = 9BB443E0283D55840043EF4E /* InfoSpace.app */;
			productType = "com.apple.product-type.application";
		};
		9BB443F5283D55850043EF4E /* InfoSpaceTests */ = {
			isa = PBXNativeTarget;
			buildConfigurationList = 9BB4440D283D55850043EF4E /* Build configuration list for PBXNativeTarget "InfoSpaceTests" */;
			buildPhases = (
				9BB443F2283D55850043EF4E /* Sources */,
				9BB443F3283D55850043EF4E /* Frameworks */,
				9BB443F4283D55850043EF4E /* Resources */,
			);
			buildRules = (
			);
			dependencies = (
				9BB443F8283D55850043EF4E /* PBXTargetDependency */,
			);
			name = InfoSpaceTests;
			productName = InfoSpaceTests;
			productReference = 9BB443F6283D55850043EF4E /* InfoSpaceTests.xctest */;
			productType = "com.apple.product-type.bundle.unit-test";
		};
		9BB443FF283D55850043EF4E /* InfoSpaceUITests */ = {
			isa = PBXNativeTarget;
			buildConfigurationList = 9BB44410283D55850043EF4E /* Build configuration list for PBXNativeTarget "InfoSpaceUITests" */;
			buildPhases = (
				9BB443FC283D55850043EF4E /* Sources */,
				9BB443FD283D55850043EF4E /* Frameworks */,
				9BB443FE283D55850043EF4E /* Resources */,
			);
			buildRules = (
			);
			dependencies = (
				9BB44402283D55850043EF4E /* PBXTargetDependency */,
			);
			name = InfoSpaceUITests;
			productName = InfoSpaceUITests;
			productReference = 9BB44400283D55850043EF4E /* InfoSpaceUITests.xctest */;
			productType = "com.apple.product-type.bundle.ui-testing";
		};
/* End PBXNativeTarget section */

/* Begin PBXProject section */
		9BB443D8283D55840043EF4E /* Project object */ = {
			isa = PBXProject;
			attributes = {
				BuildIndependentTargetsInParallel = 1;
				LastSwiftUpdateCheck = 1340;
				LastUpgradeCheck = 1340;
				TargetAttributes = {
					9BB443DF283D55840043EF4E = {
						CreatedOnToolsVersion = 13.4;
					};
					9BB443F5283D55850043EF4E = {
						CreatedOnToolsVersion = 13.4;
						TestTargetID = 9BB443DF283D55840043EF4E;
					};
					9BB443FF283D55850043EF4E = {
						CreatedOnToolsVersion = 13.4;
						TestTargetID = 9BB443DF283D55840043EF4E;
					};
				};
			};
			buildConfigurationList = 9BB443DB283D55840043EF4E /* Build configuration list for PBXProject "InfoSpace" */;
			compatibilityVersion = "Xcode 13.0";
			developmentRegion = en;
			hasScannedForEncodings = 0;
			knownRegions = (
				en,
				Base,
			);
			mainGroup = 9BB443D7283D55840043EF4E;
			productRefGroup = 9BB443E1283D55840043EF4E /* Products */;
			projectDirPath = "";
			projectRoot = "";
			targets = (
				9BB443DF283D55840043EF4E /* InfoSpace */,
				9BB443F5283D55850043EF4E /* InfoSpaceTests */,
				9BB443FF283D55850043EF4E /* InfoSpaceUITests */,
			);
		};
/* End PBXProject section */

/* Begin PBXResourcesBuildPhase section */
		9BB443DE283D55840043EF4E /* Resources */ = {
			isa = PBXResourcesBuildPhase;
			buildActionMask = 2147483647;
			files = (
				9B38098F290E0D98007851B2 /* ContentTypeItemCell.xib in Resources */,
				9B28E33E284D120B00F79F7B /* spacerangersemital.ttf in Resources */,
				9B380986290E0D40007851B2 /* ContentTypeFilterCell.xib in Resources */,
				9B28E34C284D120B00F79F7B /* spaceranger3d.ttf in Resources */,
				9B931164283E814B0052EF1B /* splashScreen.json in Resources */,
				9B22370728457A33005F47B7 /* PlanetCell.xib in Resources */,
				9B34CFAC290F10D500E642A1 /* YearsFilterCell.xib in Resources */,
				9B22A76528453E65002762AF /* DashboardViewController.xib in Resources */,
				9B4F833C290DCE00006E8954 /* SearchFilterCell.xib in Resources */,
				9B2B836428615D60002BABDC /* APODDescriptionCell.xib in Resources */,
				9B28E355284D120B00F79F7B /* spacerangeracad.ttf in Resources */,
				9BB44427283D65C70043EF4E /* HudView.xib in Resources */,
				9B22371028457E97005F47B7 /* NotoSansJP-Regular.otf in Resources */,
				9B22371128457E97005F47B7 /* NotoSansJP-Thin.otf in Resources */,
				9B2B835828615D0B002BABDC /* APODDateCell.xib in Resources */,
				9B22371228457E97005F47B7 /* NotoSansJP-Black.otf in Resources */,
				9B22371328457E97005F47B7 /* NotoSansJP-Bold.otf in Resources */,
				9B931165283E814B0052EF1B /* loading.json in Resources */,
				9B28E33C284D120B00F79F7B /* spacerangeracadital.ttf in Resources */,
				9BB443F0283D55850043EF4E /* LaunchScreen.storyboard in Resources */,
				9B28E356284D120B00F79F7B /* spacerangerchrome.ttf in Resources */,
				9B28E34B284D120B00F79F7B /* spacerangerboldital.ttf in Resources */,
				9B28E341284D120B00F79F7B /* spacerangerhalfital.ttf in Resources */,
				9B4F83342909FA87006E8954 /* HeaderFilterCell.xib in Resources */,
				9B28E346284D120B00F79F7B /* spacerangerexpandital.ttf in Resources */,
				9B38CD2D28722362006712EE /* SpaceLibraryViewController.xib in Resources */,
				9B2236F62845639B005F47B7 /* Colors.xcassets in Resources */,
				9B4F8338290DCD7F006E8954 /* SeparatorCell.xib in Resources */,
				9BB443ED283D55850043EF4E /* Assets.xcassets in Resources */,
				9B28E351284D120B00F79F7B /* spacerangercondital.ttf in Resources */,
				9B28E349284D120B00F79F7B /* spacerangerital.ttf in Resources */,
				9B22370E28457E97005F47B7 /* NotoSansJP-Light.otf in Resources */,
				9B28E353284D120B00F79F7B /* spacerangercond.ttf in Resources */,
				9B28E33D284D120B00F79F7B /* spacerangerbold.ttf in Resources */,
				9B28E34E284D120B00F79F7B /* spaceranger3dital.ttf in Resources */,
				9B8769E72857A86500FEB405 /* APODViewController.xib in Resources */,
				9B28E345284D120B00F79F7B /* spacerangerlaser.ttf in Resources */,
				9B2B836828615D79002BABDC /* APODTitleCell.xib in Resources */,
				9B28E342284D120B00F79F7B /* spacerangerout.ttf in Resources */,
				9B28E34F284D120B00F79F7B /* spacerangerchromeital.ttf in Resources */,
				9B82C9E328521211003EAF59 /* ImageGalleryCell.xib in Resources */,
				9B2B835C28615D41002BABDC /* APODImageCell.xib in Resources */,
				9B38CD212872230E006712EE /* AsteroidsNearEarthViewController.xib in Resources */,
				9B8CABDE2850091100C4667B /* PlanetImageCell.xib in Resources */,
				9B28E31A284CE06700F79F7B /* PlanetDetailViewController.xib in Resources */,
				9B2B836028615D52002BABDC /* APODUrlCell.xib in Resources */,
				9B4DEACA2906E75F008A5141 /* FilterView.xib in Resources */,
				9B223717284588D9005F47B7 /* DashboardItemCell.xib in Resources */,
				9B28E347284D120B00F79F7B /* spacerangerexpand.ttf in Resources */,
				9B22370F28457E97005F47B7 /* NotoSansJP-Medium.otf in Resources */,
				9B28E350284D120B00F79F7B /* spacerangerhalf.ttf in Resources */,
				9B82C9DE285210F1003EAF59 /* ImagesGalleryViewController.xib in Resources */,
				9B38CD2728722340006712EE /* MarsRoverViewController.xib in Resources */,
				9B28E340284D120B00F79F7B /* spaceranger.ttf in Resources */,
				9B3C360D285C095100E19B8C /* HeaderView.xib in Resources */,
				9BCC498E283E82FA00EF9869 /* SplashScreenViewController.xib in Resources */,
			);
			runOnlyForDeploymentPostprocessing = 0;
		};
		9BB443F4283D55850043EF4E /* Resources */ = {
			isa = PBXResourcesBuildPhase;
			buildActionMask = 2147483647;
			files = (
			);
			runOnlyForDeploymentPostprocessing = 0;
		};
		9BB443FE283D55850043EF4E /* Resources */ = {
			isa = PBXResourcesBuildPhase;
			buildActionMask = 2147483647;
			files = (
			);
			runOnlyForDeploymentPostprocessing = 0;
		};
/* End PBXResourcesBuildPhase section */

/* Begin PBXShellScriptBuildPhase section */
		2A74215067A7EFBE44A2C7F7 /* [CP] Embed Pods Frameworks */ = {
			isa = PBXShellScriptBuildPhase;
			buildActionMask = 2147483647;
			files = (
			);
			inputFileListPaths = (
				"${PODS_ROOT}/Target Support Files/Pods-InfoSpace/Pods-InfoSpace-frameworks-${CONFIGURATION}-input-files.xcfilelist",
			);
			name = "[CP] Embed Pods Frameworks";
			outputFileListPaths = (
				"${PODS_ROOT}/Target Support Files/Pods-InfoSpace/Pods-InfoSpace-frameworks-${CONFIGURATION}-output-files.xcfilelist",
			);
			runOnlyForDeploymentPostprocessing = 0;
			shellPath = /bin/sh;
			shellScript = "\"${PODS_ROOT}/Target Support Files/Pods-InfoSpace/Pods-InfoSpace-frameworks.sh\"\n";
			showEnvVarsInLog = 0;
		};
		2D8687C14FC54185A58B25C3 /* [CP] Check Pods Manifest.lock */ = {
			isa = PBXShellScriptBuildPhase;
			buildActionMask = 2147483647;
			files = (
			);
			inputFileListPaths = (
			);
			inputPaths = (
				"${PODS_PODFILE_DIR_PATH}/Podfile.lock",
				"${PODS_ROOT}/Manifest.lock",
			);
			name = "[CP] Check Pods Manifest.lock";
			outputFileListPaths = (
			);
			outputPaths = (
				"$(DERIVED_FILE_DIR)/Pods-InfoSpace-checkManifestLockResult.txt",
			);
			runOnlyForDeploymentPostprocessing = 0;
			shellPath = /bin/sh;
			shellScript = "diff \"${PODS_PODFILE_DIR_PATH}/Podfile.lock\" \"${PODS_ROOT}/Manifest.lock\" > /dev/null\nif [ $? != 0 ] ; then\n    # print error to STDERR\n    echo \"error: The sandbox is not in sync with the Podfile.lock. Run 'pod install' or update your CocoaPods installation.\" >&2\n    exit 1\nfi\n# This output is used by Xcode 'outputs' to avoid re-running this script phase.\necho \"SUCCESS\" > \"${SCRIPT_OUTPUT_FILE_0}\"\n";
			showEnvVarsInLog = 0;
		};
/* End PBXShellScriptBuildPhase section */

/* Begin PBXSourcesBuildPhase section */
		9BB443DC283D55840043EF4E /* Sources */ = {
			isa = PBXSourcesBuildPhase;
			buildActionMask = 2147483647;
			files = (
				9B3D44E82862883C007AB312 /* Button.swift in Sources */,
				9B28B3CD28678C40007D448B /* UITableViewCell+Utils.swift in Sources */,
				9BB2C11B28580F810057DB4E /* DateFormatter+Utils.swift in Sources */,
				9B2B835B28615D41002BABDC /* APODImageCell.swift in Sources */,
				9B8CABE02850096D00C4667B /* ImageView.swift in Sources */,
				9B19495C286902CE00B8322B /* Utils.swift in Sources */,
				9B1F8C7B28466DF700BCCEBE /* PlanetsDataManager.swift in Sources */,
				9B2B835F28615D52002BABDC /* APODUrlCell.swift in Sources */,
				9B21F6902846D57F00D64B79 /* StarViews.swift in Sources */,
				9B053FA928429A8800A8AA40 /* CustomNavigationController.swift in Sources */,
				9B82C9E228521211003EAF59 /* ImageGalleryCell.swift in Sources */,
				9B8769E02857A37200FEB405 /* APOD.swift in Sources */,
				9B8769E62857A86500FEB405 /* APODViewController.swift in Sources */,
				9B270E38284001B700F4FFED /* WebService.swift in Sources */,
				9B38CD19286F5FEC006712EE /* Label.swift in Sources */,
				9B2236FC28456E65005F47B7 /* View.swift in Sources */,
				9B38098E290E0D98007851B2 /* ContentTypeItemCell.swift in Sources */,
				9B82C9E528521A85003EAF59 /* ImagesGalleryViewModel.swift in Sources */,
				9B34CFAB290F10D500E642A1 /* YearsFilterCell.swift in Sources */,
				9B38CD292872234F006712EE /* MarsRoverViewModel.swift in Sources */,
				9B270E34284001A000F4FFED /* NetworkManager.swift in Sources */,
				9B1F8C7D284679BD00BCCEBE /* DashboardItem.swift in Sources */,
				9B3C360A285C093C00E19B8C /* HeaderView.swift in Sources */,
				9B98B6202852DA7D00975043 /* ImageDownloader.swift in Sources */,
				9BE6E44E28F6536A003A63DF /* SpaceLibraryItem.swift in Sources */,
				9B82C9DD285210F1003EAF59 /* ImagesGalleryViewController.swift in Sources */,
				9B2B836328615D60002BABDC /* APODDescriptionCell.swift in Sources */,
				9B380985290E0D40007851B2 /* ContentTypeFilterCell.swift in Sources */,
				9B8769DC2857A17400FEB405 /* NasaDataManager.swift in Sources */,
				9B2AC06E2843B1F1005D022E /* SplashScreenViewModel.swift in Sources */,
				9B223716284588D9005F47B7 /* DashboardItemCell.swift in Sources */,
				9B4DEAC62906E74E008A5141 /* FilterView.swift in Sources */,
				9BB44420283D64AA0043EF4E /* UIViewController+Utils.swift in Sources */,
				9BB44425283D65BF0043EF4E /* HudView.swift in Sources */,
				9B38CD202872230E006712EE /* AsteroidsNearEarthViewController.swift in Sources */,
				9B2236FE28456ECA005F47B7 /* UIColor+Utils.swift in Sources */,
				9BCC498D283E82FA00EF9869 /* SplashScreenViewController.swift in Sources */,
				9B4F833B290DCE00006E8954 /* SearchFilterCell.swift in Sources */,
				9B25530828F1B9A500A8110E /* NasaLibraryDataManager.swift in Sources */,
				9B22A76428453E65002762AF /* DashboardViewController.swift in Sources */,
				9BB4441E283D62410043EF4E /* UIApplication+Utils.swift in Sources */,
				9B38CD2F28722373006712EE /* SpaceLibraryViewModel.swift in Sources */,
				9BB736D2285659E800B8D867 /* Bundle+Utils.swift in Sources */,
				9B22370028456F26005F47B7 /* UIImageView+Utils.swift in Sources */,
				9BB443E4283D55840043EF4E /* AppDelegate.swift in Sources */,
				9B931160283E79E20052EF1B /* UIView+Utils.swift in Sources */,
				9B22370628457A33005F47B7 /* PlanetCell.swift in Sources */,
				9B28E319284CE06700F79F7B /* PlanetDetailViewController.swift in Sources */,
				9B1F8C7828466D9500BCCEBE /* FirebaseDataDataManager.swift in Sources */,
				9B8769E92857A87100FEB405 /* APODViewModel.swift in Sources */,
				9B28E31C284CE0A800F79F7B /* PlanetDetailViewModel.swift in Sources */,
				9B38CD2628722340006712EE /* MarsRoverViewController.swift in Sources */,
				9B22370328457A01005F47B7 /* UICollectionViewCell+Utils.swift in Sources */,
				9B2B835728615D0B002BABDC /* APODDateCell.swift in Sources */,
				9B027440284A817C00C2303A /* Colors.swift in Sources */,
				9B270E36284001AB00F4FFED /* Reachability.swift in Sources */,
				9B4F83332909FA87006E8954 /* HeaderFilterCell.swift in Sources */,
				9B4F8337290DCD7F006E8954 /* SeparatorCell.swift in Sources */,
				9B270E312840013000F4FFED /* Constants.swift in Sources */,
				9B22A76728453E8E002762AF /* DashboardViewModel.swift in Sources */,
				9B2B836728615D79002BABDC /* APODTitleCell.swift in Sources */,
				9B38CD2328722327006712EE /* AsteroidsNearEarthViewModel.swift in Sources */,
				9B8CABDD2850091100C4667B /* PlanetImageCell.swift in Sources */,
				9B8769DE2857A2DD00FEB405 /* APODDataManager.swift in Sources */,
				9B38CD2C28722362006712EE /* SpaceLibraryViewController.swift in Sources */,
				9B1F8C7528466CC400BCCEBE /* Planet.swift in Sources */,
			);
			runOnlyForDeploymentPostprocessing = 0;
		};
		9BB443F2283D55850043EF4E /* Sources */ = {
			isa = PBXSourcesBuildPhase;
			buildActionMask = 2147483647;
			files = (
				9BB443FB283D55850043EF4E /* InfoSpaceTests.swift in Sources */,
			);
			runOnlyForDeploymentPostprocessing = 0;
		};
		9BB443FC283D55850043EF4E /* Sources */ = {
			isa = PBXSourcesBuildPhase;
			buildActionMask = 2147483647;
			files = (
				9BB44405283D55850043EF4E /* InfoSpaceUITests.swift in Sources */,
				9BB44407283D55850043EF4E /* InfoSpaceUITestsLaunchTests.swift in Sources */,
			);
			runOnlyForDeploymentPostprocessing = 0;
		};
/* End PBXSourcesBuildPhase section */

/* Begin PBXTargetDependency section */
		9BB443F8283D55850043EF4E /* PBXTargetDependency */ = {
			isa = PBXTargetDependency;
			target = 9BB443DF283D55840043EF4E /* InfoSpace */;
			targetProxy = 9BB443F7283D55850043EF4E /* PBXContainerItemProxy */;
		};
		9BB44402283D55850043EF4E /* PBXTargetDependency */ = {
			isa = PBXTargetDependency;
			target = 9BB443DF283D55840043EF4E /* InfoSpace */;
			targetProxy = 9BB44401283D55850043EF4E /* PBXContainerItemProxy */;
		};
/* End PBXTargetDependency section */

/* Begin PBXVariantGroup section */
		9BB443EE283D55850043EF4E /* LaunchScreen.storyboard */ = {
			isa = PBXVariantGroup;
			children = (
				9BB443EF283D55850043EF4E /* Base */,
			);
			name = LaunchScreen.storyboard;
			sourceTree = "<group>";
		};
/* End PBXVariantGroup section */

/* Begin XCBuildConfiguration section */
		9BB44408283D55850043EF4E /* Debug */ = {
			isa = XCBuildConfiguration;
			buildSettings = {
				ALWAYS_SEARCH_USER_PATHS = NO;
				CLANG_ANALYZER_NONNULL = YES;
				CLANG_ANALYZER_NUMBER_OBJECT_CONVERSION = YES_AGGRESSIVE;
				CLANG_CXX_LANGUAGE_STANDARD = "gnu++17";
				CLANG_ENABLE_MODULES = YES;
				CLANG_ENABLE_OBJC_ARC = YES;
				CLANG_ENABLE_OBJC_WEAK = YES;
				CLANG_WARN_BLOCK_CAPTURE_AUTORELEASING = YES;
				CLANG_WARN_BOOL_CONVERSION = YES;
				CLANG_WARN_COMMA = YES;
				CLANG_WARN_CONSTANT_CONVERSION = YES;
				CLANG_WARN_DEPRECATED_OBJC_IMPLEMENTATIONS = YES;
				CLANG_WARN_DIRECT_OBJC_ISA_USAGE = YES_ERROR;
				CLANG_WARN_DOCUMENTATION_COMMENTS = YES;
				CLANG_WARN_EMPTY_BODY = YES;
				CLANG_WARN_ENUM_CONVERSION = YES;
				CLANG_WARN_INFINITE_RECURSION = YES;
				CLANG_WARN_INT_CONVERSION = YES;
				CLANG_WARN_NON_LITERAL_NULL_CONVERSION = YES;
				CLANG_WARN_OBJC_IMPLICIT_RETAIN_SELF = YES;
				CLANG_WARN_OBJC_LITERAL_CONVERSION = YES;
				CLANG_WARN_OBJC_ROOT_CLASS = YES_ERROR;
				CLANG_WARN_QUOTED_INCLUDE_IN_FRAMEWORK_HEADER = YES;
				CLANG_WARN_RANGE_LOOP_ANALYSIS = YES;
				CLANG_WARN_STRICT_PROTOTYPES = YES;
				CLANG_WARN_SUSPICIOUS_MOVE = YES;
				CLANG_WARN_UNGUARDED_AVAILABILITY = YES_AGGRESSIVE;
				CLANG_WARN_UNREACHABLE_CODE = YES;
				CLANG_WARN__DUPLICATE_METHOD_MATCH = YES;
				COPY_PHASE_STRIP = NO;
				DEBUG_INFORMATION_FORMAT = dwarf;
				ENABLE_STRICT_OBJC_MSGSEND = YES;
				ENABLE_TESTABILITY = YES;
				GCC_C_LANGUAGE_STANDARD = gnu11;
				GCC_DYNAMIC_NO_PIC = NO;
				GCC_NO_COMMON_BLOCKS = YES;
				GCC_OPTIMIZATION_LEVEL = 0;
				GCC_PREPROCESSOR_DEFINITIONS = (
					"DEBUG=1",
					"$(inherited)",
				);
				GCC_WARN_64_TO_32_BIT_CONVERSION = YES;
				GCC_WARN_ABOUT_RETURN_TYPE = YES_ERROR;
				GCC_WARN_UNDECLARED_SELECTOR = YES;
				GCC_WARN_UNINITIALIZED_AUTOS = YES_AGGRESSIVE;
				GCC_WARN_UNUSED_FUNCTION = YES;
				GCC_WARN_UNUSED_VARIABLE = YES;
				IPHONEOS_DEPLOYMENT_TARGET = 15.5;
				MTL_ENABLE_DEBUG_INFO = INCLUDE_SOURCE;
				MTL_FAST_MATH = YES;
				ONLY_ACTIVE_ARCH = YES;
				SDKROOT = iphoneos;
				SWIFT_ACTIVE_COMPILATION_CONDITIONS = DEBUG;
				SWIFT_OPTIMIZATION_LEVEL = "-Onone";
			};
			name = Debug;
		};
		9BB44409283D55850043EF4E /* Release */ = {
			isa = XCBuildConfiguration;
			buildSettings = {
				ALWAYS_SEARCH_USER_PATHS = NO;
				CLANG_ANALYZER_NONNULL = YES;
				CLANG_ANALYZER_NUMBER_OBJECT_CONVERSION = YES_AGGRESSIVE;
				CLANG_CXX_LANGUAGE_STANDARD = "gnu++17";
				CLANG_ENABLE_MODULES = YES;
				CLANG_ENABLE_OBJC_ARC = YES;
				CLANG_ENABLE_OBJC_WEAK = YES;
				CLANG_WARN_BLOCK_CAPTURE_AUTORELEASING = YES;
				CLANG_WARN_BOOL_CONVERSION = YES;
				CLANG_WARN_COMMA = YES;
				CLANG_WARN_CONSTANT_CONVERSION = YES;
				CLANG_WARN_DEPRECATED_OBJC_IMPLEMENTATIONS = YES;
				CLANG_WARN_DIRECT_OBJC_ISA_USAGE = YES_ERROR;
				CLANG_WARN_DOCUMENTATION_COMMENTS = YES;
				CLANG_WARN_EMPTY_BODY = YES;
				CLANG_WARN_ENUM_CONVERSION = YES;
				CLANG_WARN_INFINITE_RECURSION = YES;
				CLANG_WARN_INT_CONVERSION = YES;
				CLANG_WARN_NON_LITERAL_NULL_CONVERSION = YES;
				CLANG_WARN_OBJC_IMPLICIT_RETAIN_SELF = YES;
				CLANG_WARN_OBJC_LITERAL_CONVERSION = YES;
				CLANG_WARN_OBJC_ROOT_CLASS = YES_ERROR;
				CLANG_WARN_QUOTED_INCLUDE_IN_FRAMEWORK_HEADER = YES;
				CLANG_WARN_RANGE_LOOP_ANALYSIS = YES;
				CLANG_WARN_STRICT_PROTOTYPES = YES;
				CLANG_WARN_SUSPICIOUS_MOVE = YES;
				CLANG_WARN_UNGUARDED_AVAILABILITY = YES_AGGRESSIVE;
				CLANG_WARN_UNREACHABLE_CODE = YES;
				CLANG_WARN__DUPLICATE_METHOD_MATCH = YES;
				COPY_PHASE_STRIP = NO;
				DEBUG_INFORMATION_FORMAT = "dwarf-with-dsym";
				ENABLE_NS_ASSERTIONS = NO;
				ENABLE_STRICT_OBJC_MSGSEND = YES;
				GCC_C_LANGUAGE_STANDARD = gnu11;
				GCC_NO_COMMON_BLOCKS = YES;
				GCC_WARN_64_TO_32_BIT_CONVERSION = YES;
				GCC_WARN_ABOUT_RETURN_TYPE = YES_ERROR;
				GCC_WARN_UNDECLARED_SELECTOR = YES;
				GCC_WARN_UNINITIALIZED_AUTOS = YES_AGGRESSIVE;
				GCC_WARN_UNUSED_FUNCTION = YES;
				GCC_WARN_UNUSED_VARIABLE = YES;
				IPHONEOS_DEPLOYMENT_TARGET = 15.5;
				MTL_ENABLE_DEBUG_INFO = NO;
				MTL_FAST_MATH = YES;
				SDKROOT = iphoneos;
				SWIFT_COMPILATION_MODE = wholemodule;
				SWIFT_OPTIMIZATION_LEVEL = "-O";
				VALIDATE_PRODUCT = YES;
			};
			name = Release;
		};
		9BB4440B283D55850043EF4E /* Debug */ = {
			isa = XCBuildConfiguration;
			baseConfigurationReference = 2D78F0F175E868A96314CB68 /* Pods-InfoSpace.debug.xcconfig */;
			buildSettings = {
				ASSETCATALOG_COMPILER_APPICON_NAME = AppIcon;
				ASSETCATALOG_COMPILER_GLOBAL_ACCENT_COLOR_NAME = AccentColor;
				CODE_SIGN_STYLE = Automatic;
				CURRENT_PROJECT_VERSION = 1;
				DEVELOPMENT_TEAM = B8FFK38LX5;
				GENERATE_INFOPLIST_FILE = YES;
				INFOPLIST_FILE = InfoSpace/Info.plist;
				INFOPLIST_KEY_UIApplicationSupportsIndirectInputEvents = YES;
				INFOPLIST_KEY_UILaunchStoryboardName = LaunchScreen;
				INFOPLIST_KEY_UISupportedInterfaceOrientations = UIInterfaceOrientationPortrait;
				INFOPLIST_KEY_UISupportedInterfaceOrientations_iPad = "UIInterfaceOrientationPortrait UIInterfaceOrientationPortraitUpsideDown UIInterfaceOrientationLandscapeLeft UIInterfaceOrientationLandscapeRight";
				INFOPLIST_KEY_UISupportedInterfaceOrientations_iPhone = "UIInterfaceOrientationPortrait UIInterfaceOrientationLandscapeLeft UIInterfaceOrientationLandscapeRight";
				IPHONEOS_DEPLOYMENT_TARGET = 13.0;
				LD_RUNPATH_SEARCH_PATHS = (
					"$(inherited)",
					"@executable_path/Frameworks",
				);
				MARKETING_VERSION = 1.0;
				PRODUCT_BUNDLE_IDENTIFIER = PausekStudios.InfoSpace;
				PRODUCT_NAME = "$(TARGET_NAME)";
				SWIFT_EMIT_LOC_STRINGS = YES;
				SWIFT_VERSION = 5.0;
				TARGETED_DEVICE_FAMILY = 1;
			};
			name = Debug;
		};
		9BB4440C283D55850043EF4E /* Release */ = {
			isa = XCBuildConfiguration;
			baseConfigurationReference = 31E5FDD4CEBABEBE203666EE /* Pods-InfoSpace.release.xcconfig */;
			buildSettings = {
				ASSETCATALOG_COMPILER_APPICON_NAME = AppIcon;
				ASSETCATALOG_COMPILER_GLOBAL_ACCENT_COLOR_NAME = AccentColor;
				CODE_SIGN_STYLE = Automatic;
				CURRENT_PROJECT_VERSION = 1;
				DEVELOPMENT_TEAM = B8FFK38LX5;
				GENERATE_INFOPLIST_FILE = YES;
				INFOPLIST_FILE = InfoSpace/Info.plist;
				INFOPLIST_KEY_UIApplicationSupportsIndirectInputEvents = YES;
				INFOPLIST_KEY_UILaunchStoryboardName = LaunchScreen;
				INFOPLIST_KEY_UISupportedInterfaceOrientations = UIInterfaceOrientationPortrait;
				INFOPLIST_KEY_UISupportedInterfaceOrientations_iPad = "UIInterfaceOrientationPortrait UIInterfaceOrientationPortraitUpsideDown UIInterfaceOrientationLandscapeLeft UIInterfaceOrientationLandscapeRight";
				INFOPLIST_KEY_UISupportedInterfaceOrientations_iPhone = "UIInterfaceOrientationPortrait UIInterfaceOrientationLandscapeLeft UIInterfaceOrientationLandscapeRight";
				IPHONEOS_DEPLOYMENT_TARGET = 13.0;
				LD_RUNPATH_SEARCH_PATHS = (
					"$(inherited)",
					"@executable_path/Frameworks",
				);
				MARKETING_VERSION = 1.0;
				PRODUCT_BUNDLE_IDENTIFIER = PausekStudios.InfoSpace;
				PRODUCT_NAME = "$(TARGET_NAME)";
				SWIFT_EMIT_LOC_STRINGS = YES;
				SWIFT_VERSION = 5.0;
				TARGETED_DEVICE_FAMILY = 1;
			};
			name = Release;
		};
		9BB4440E283D55850043EF4E /* Debug */ = {
			isa = XCBuildConfiguration;
			buildSettings = {
				ALWAYS_EMBED_SWIFT_STANDARD_LIBRARIES = YES;
				BUNDLE_LOADER = "$(TEST_HOST)";
				CODE_SIGN_STYLE = Automatic;
				CURRENT_PROJECT_VERSION = 1;
				DEVELOPMENT_TEAM = B8FFK38LX5;
				GENERATE_INFOPLIST_FILE = YES;
				IPHONEOS_DEPLOYMENT_TARGET = 15.5;
				MARKETING_VERSION = 1.0;
				PRODUCT_BUNDLE_IDENTIFIER = PausekStudios.InfoSpaceTests;
				PRODUCT_NAME = "$(TARGET_NAME)";
				SWIFT_EMIT_LOC_STRINGS = NO;
				SWIFT_VERSION = 5.0;
				TARGETED_DEVICE_FAMILY = "1,2";
				TEST_HOST = "$(BUILT_PRODUCTS_DIR)/InfoSpace.app/InfoSpace";
			};
			name = Debug;
		};
		9BB4440F283D55850043EF4E /* Release */ = {
			isa = XCBuildConfiguration;
			buildSettings = {
				ALWAYS_EMBED_SWIFT_STANDARD_LIBRARIES = YES;
				BUNDLE_LOADER = "$(TEST_HOST)";
				CODE_SIGN_STYLE = Automatic;
				CURRENT_PROJECT_VERSION = 1;
				DEVELOPMENT_TEAM = B8FFK38LX5;
				GENERATE_INFOPLIST_FILE = YES;
				IPHONEOS_DEPLOYMENT_TARGET = 15.5;
				MARKETING_VERSION = 1.0;
				PRODUCT_BUNDLE_IDENTIFIER = PausekStudios.InfoSpaceTests;
				PRODUCT_NAME = "$(TARGET_NAME)";
				SWIFT_EMIT_LOC_STRINGS = NO;
				SWIFT_VERSION = 5.0;
				TARGETED_DEVICE_FAMILY = "1,2";
				TEST_HOST = "$(BUILT_PRODUCTS_DIR)/InfoSpace.app/InfoSpace";
			};
			name = Release;
		};
		9BB44411283D55850043EF4E /* Debug */ = {
			isa = XCBuildConfiguration;
			buildSettings = {
				ALWAYS_EMBED_SWIFT_STANDARD_LIBRARIES = YES;
				CODE_SIGN_STYLE = Automatic;
				CURRENT_PROJECT_VERSION = 1;
				DEVELOPMENT_TEAM = B8FFK38LX5;
				GENERATE_INFOPLIST_FILE = YES;
				MARKETING_VERSION = 1.0;
				PRODUCT_BUNDLE_IDENTIFIER = PausekStudios.InfoSpaceUITests;
				PRODUCT_NAME = "$(TARGET_NAME)";
				SWIFT_EMIT_LOC_STRINGS = NO;
				SWIFT_VERSION = 5.0;
				TARGETED_DEVICE_FAMILY = "1,2";
				TEST_TARGET_NAME = InfoSpace;
			};
			name = Debug;
		};
		9BB44412283D55850043EF4E /* Release */ = {
			isa = XCBuildConfiguration;
			buildSettings = {
				ALWAYS_EMBED_SWIFT_STANDARD_LIBRARIES = YES;
				CODE_SIGN_STYLE = Automatic;
				CURRENT_PROJECT_VERSION = 1;
				DEVELOPMENT_TEAM = B8FFK38LX5;
				GENERATE_INFOPLIST_FILE = YES;
				MARKETING_VERSION = 1.0;
				PRODUCT_BUNDLE_IDENTIFIER = PausekStudios.InfoSpaceUITests;
				PRODUCT_NAME = "$(TARGET_NAME)";
				SWIFT_EMIT_LOC_STRINGS = NO;
				SWIFT_VERSION = 5.0;
				TARGETED_DEVICE_FAMILY = "1,2";
				TEST_TARGET_NAME = InfoSpace;
			};
			name = Release;
		};
/* End XCBuildConfiguration section */

/* Begin XCConfigurationList section */
		9BB443DB283D55840043EF4E /* Build configuration list for PBXProject "InfoSpace" */ = {
			isa = XCConfigurationList;
			buildConfigurations = (
				9BB44408283D55850043EF4E /* Debug */,
				9BB44409283D55850043EF4E /* Release */,
			);
			defaultConfigurationIsVisible = 0;
			defaultConfigurationName = Release;
		};
		9BB4440A283D55850043EF4E /* Build configuration list for PBXNativeTarget "InfoSpace" */ = {
			isa = XCConfigurationList;
			buildConfigurations = (
				9BB4440B283D55850043EF4E /* Debug */,
				9BB4440C283D55850043EF4E /* Release */,
			);
			defaultConfigurationIsVisible = 0;
			defaultConfigurationName = Release;
		};
		9BB4440D283D55850043EF4E /* Build configuration list for PBXNativeTarget "InfoSpaceTests" */ = {
			isa = XCConfigurationList;
			buildConfigurations = (
				9BB4440E283D55850043EF4E /* Debug */,
				9BB4440F283D55850043EF4E /* Release */,
			);
			defaultConfigurationIsVisible = 0;
			defaultConfigurationName = Release;
		};
		9BB44410283D55850043EF4E /* Build configuration list for PBXNativeTarget "InfoSpaceUITests" */ = {
			isa = XCConfigurationList;
			buildConfigurations = (
				9BB44411283D55850043EF4E /* Debug */,
				9BB44412283D55850043EF4E /* Release */,
			);
			defaultConfigurationIsVisible = 0;
			defaultConfigurationName = Release;
		};
/* End XCConfigurationList section */
	};
	rootObject = 9BB443D8283D55840043EF4E /* Project object */;
}
